{
  "pins" : [
    {
      "identity" : "fal-swift",
      "kind" : "remoteSourceControl",
      "location" : "https://github.com/fal-ai/fal-swift.git",
      "state" : {
        "revision" : "a58ca8a926a56a69ba3c454583f626b3629a4223",
        "version" : "0.5.6"
      }
    },
    {
      "identity" : "gltfkit2",
      "kind" : "remoteSourceControl",
      "location" : "https://github.com/warrenm/GLTFKit2.git",
      "state" : {
        "revision" : "fb33ea7832e730842522018709ebcf2e3d9dcf44",
        "version" : "0.5.12"
      }
    },
    {
      "identity" : "sqlite.swift",
      "kind" : "remoteSourceControl",
      "location" : "https://github.com/stephencelis/SQLite.swift.git",
      "state" : {
        "revision" : "a95fc6df17d108bd99210db5e8a9bac90fe984b8",
        "version" : "0.15.3"
      }
    },
    {
      "identity" : "swift-msgpack",
      "kind" : "remoteSourceControl",
      "location" : "https://github.com/nnabeyang/swift-msgpack.git",
      "state" : {
        "revision" : "f6239cecaf8724403f9a806358dc5e94cf27ec44",
        "version" : "0.5.0"
      }
    },
    {
      "identity" : "swift-numerics",
      "kind" : "remoteSourceControl",
      "location" : "https://github.com/apple/swift-numerics.git",
      "state" : {
        "revision" : "0a5bc04095a675662cf24757cc0640aa2204253b",
        "version" : "1.0.2"
      }
    }
  ],
  "version" : 2
}
