{
  "originHash" : "c0f0ead60c7ce7e1a0d730ec5517868e3df966e0d2c7671a80abfa74725559da",
  "pins" : [
    {
      "identity" : "fal-swift",
      "kind" : "remoteSourceControl",
      "location" : "https://github.com/fal-ai/fal-swift.git",
      "state" : {
        "revision" : "a58ca8a926a56a69ba3c454583f626b3629a4223",
        "version" : "0.5.6"
      }
    },
    {
      "identity" : "gltfkit2",
      "kind" : "remoteSourceControl",
      "location" : "https://github.com/warrenm/GLTFKit2",
      "state" : {
        "revision" : "0e399286a29580a6f3c0f49aa01075b5c43a9ce2",
        "version" : "0.5.11"
      }
    },
    {
      "identity" : "starscream",
      "kind" : "remoteSourceControl",
      "location" : "https://github.com/daltoniam/Starscream.git",
      "state" : {
        "revision" : "c6bfd1af48efcc9a9ad203665db12375ba6b145a",
        "version" : "4.0.8"
      }
    },
    {
      "identity" : "swift-msgpack",
      "kind" : "remoteSourceControl",
      "location" : "https://github.com/nnabeyang/swift-msgpack.git",
      "state" : {
        "revision" : "f6239cecaf8724403f9a806358dc5e94cf27ec44",
        "version" : "0.5.0"
      }
    }
  ],
  "version" : 3
}
