// !$*UTF8*$!
{
	archiveVersion = 1;
	classes = {
	};
	objectVersion = 77;
	objects = {

/* Begin PBXBuildFile section */
		763BA8132CB74E80003A0CDB /* ComplexModule in Frameworks */ = {isa = PBXBuildFile; productRef = 763BA8122CB74E80003A0CDB /* ComplexModule */; };
		763BA8152CB74E80003A0CDB /* Numerics in Frameworks */ = {isa = PBXBuildFile; productRef = 763BA8142CB74E80003A0CDB /* Numerics */; };
		763BA8172CB74E80003A0CDB /* RealModule in Frameworks */ = {isa = PBXBuildFile; productRef = 763BA8162CB74E80003A0CDB /* RealModule */; };
		7658CA442CBA34C2000F33C6 /* TranscriptionsModel.xcdatamodeld in Sources */ = {isa = PBXBuildFile; fileRef = 7658CA422CBA34C2000F33C6 /* TranscriptionsModel.xcdatamodeld */; };
/* End PBXBuildFile section */

/* Begin PBXContainerItemProxy section */
		763BA6B82CB644F6003A0CDB /* PBXContainerItemProxy */ = {
			isa = PBXContainerItemProxy;
			containerPortal = 763BA69F2CB644F4003A0CDB /* Project object */;
			proxyType = 1;
			remoteGlobalIDString = 763BA6A62CB644F4003A0CDB;
			remoteInfo = IRL;
		};
		763BA6C22CB644F6003A0CDB /* PBXContainerItemProxy */ = {
			isa = PBXContainerItemProxy;
			containerPortal = 763BA69F2CB644F4003A0CDB /* Project object */;
			proxyType = 1;
			remoteGlobalIDString = 763BA6A62CB644F4003A0CDB;
			remoteInfo = IRL;
		};
/* End PBXContainerItemProxy section */

/* Begin PBXCopyFilesBuildPhase section */
		763BA70A2CB6476F003A0CDB /* Embed ExtensionKit Extensions */ = {
			isa = PBXCopyFilesBuildPhase;
			buildActionMask = 2147483647;
			dstPath = "$(EXTENSIONS_FOLDER_PATH)";
			dstSubfolderSpec = 16;
			files = (
			);
			name = "Embed ExtensionKit Extensions";
			runOnlyForDeploymentPostprocessing = 0;
		};
/* End PBXCopyFilesBuildPhase section */

/* Begin PBXFileReference section */
		763BA6A72CB644F4003A0CDB /* IRL.app */ = {isa = PBXFileReference; explicitFileType = wrapper.application; includeInIndex = 0; path = IRL.app; sourceTree = BUILT_PRODUCTS_DIR; };
		763BA6B72CB644F6003A0CDB /* IRLTests.xctest */ = {isa = PBXFileReference; explicitFileType = wrapper.cfbundle; includeInIndex = 0; path = IRLTests.xctest; sourceTree = BUILT_PRODUCTS_DIR; };
		763BA6C12CB644F6003A0CDB /* IRLUITests.xctest */ = {isa = PBXFileReference; explicitFileType = wrapper.cfbundle; includeInIndex = 0; path = IRLUITests.xctest; sourceTree = BUILT_PRODUCTS_DIR; };
		7658CA432CBA34C2000F33C6 /* TranscriptionsModel.xcdatamodel */ = {isa = PBXFileReference; lastKnownFileType = wrapper.xcdatamodel; path = TranscriptionsModel.xcdatamodel; sourceTree = "<group>"; };
/* End PBXFileReference section */

/* Begin PBXFileSystemSynchronizedBuildFileExceptionSet section */
		7658C8DA2CB83D07000F33C6 /* Exceptions for "IRL" folder in "IRL" target */ = {
			isa = PBXFileSystemSynchronizedBuildFileExceptionSet;
			membershipExceptions = (
				Info.plist,
			);
			target = 763BA6A62CB644F4003A0CDB /* IRL */;
		};
/* End PBXFileSystemSynchronizedBuildFileExceptionSet section */

/* Begin PBXFileSystemSynchronizedRootGroup section */
		763BA6A92CB644F4003A0CDB /* IRL */ = {
			isa = PBXFileSystemSynchronizedRootGroup;
			exceptions = (
				7658C8DA2CB83D07000F33C6 /* Exceptions for "IRL" folder in "IRL" target */,
			);
			path = IRL;
			sourceTree = "<group>";
		};
		763BA6BA2CB644F6003A0CDB /* IRLTests */ = {
			isa = PBXFileSystemSynchronizedRootGroup;
			path = IRLTests;
			sourceTree = "<group>";
		};
		763BA6C42CB644F6003A0CDB /* IRLUITests */ = {
			isa = PBXFileSystemSynchronizedRootGroup;
			path = IRLUITests;
			sourceTree = "<group>";
		};
/* End PBXFileSystemSynchronizedRootGroup section */

/* Begin PBXFrameworksBuildPhase section */
		763BA6A42CB644F4003A0CDB /* Frameworks */ = {
			isa = PBXFrameworksBuildPhase;
			buildActionMask = 2147483647;
			files = (
				763BA8152CB74E80003A0CDB /* Numerics in Frameworks */,
				763BA8132CB74E80003A0CDB /* ComplexModule in Frameworks */,
				763BA8172CB74E80003A0CDB /* RealModule in Frameworks */,
			);
			runOnlyForDeploymentPostprocessing = 0;
		};
		763BA6B42CB644F6003A0CDB /* Frameworks */ = {
			isa = PBXFrameworksBuildPhase;
			buildActionMask = 2147483647;
			files = (
			);
			runOnlyForDeploymentPostprocessing = 0;
		};
		763BA6BE2CB644F6003A0CDB /* Frameworks */ = {
			isa = PBXFrameworksBuildPhase;
			buildActionMask = 2147483647;
			files = (
			);
			runOnlyForDeploymentPostprocessing = 0;
		};
/* End PBXFrameworksBuildPhase section */

/* Begin PBXGroup section */
		763BA69E2CB644F4003A0CDB = {
			isa = PBXGroup;
			children = (
				7658CA422CBA34C2000F33C6 /* TranscriptionsModel.xcdatamodeld */,
				763BA6A92CB644F4003A0CDB /* IRL */,
				763BA6BA2CB644F6003A0CDB /* IRLTests */,
				763BA6C42CB644F6003A0CDB /* IRLUITests */,
				763BA6A82CB644F4003A0CDB /* Products */,
			);
			sourceTree = "<group>";
		};
		763BA6A82CB644F4003A0CDB /* Products */ = {
			isa = PBXGroup;
			children = (
				763BA6A72CB644F4003A0CDB /* IRL.app */,
				763BA6B72CB644F6003A0CDB /* IRLTests.xctest */,
				763BA6C12CB644F6003A0CDB /* IRLUITests.xctest */,
			);
			name = Products;
			sourceTree = "<group>";
		};
/* End PBXGroup section */

/* Begin PBXNativeTarget section */
		763BA6A62CB644F4003A0CDB /* IRL */ = {
			isa = PBXNativeTarget;
			buildConfigurationList = 763BA6CB2CB644F6003A0CDB /* Build configuration list for PBXNativeTarget "IRL" */;
			buildPhases = (
				763BA6A32CB644F4003A0CDB /* Sources */,
				763BA6A42CB644F4003A0CDB /* Frameworks */,
				763BA6A52CB644F4003A0CDB /* Resources */,
				763BA70A2CB6476F003A0CDB /* Embed ExtensionKit Extensions */,
			);
			buildRules = (
			);
			dependencies = (
			);
			fileSystemSynchronizedGroups = (
				763BA6A92CB644F4003A0CDB /* IRL */,
			);
			name = IRL;
			packageProductDependencies = (
				763BA8122CB74E80003A0CDB /* ComplexModule */,
				763BA8142CB74E80003A0CDB /* Numerics */,
				763BA8162CB74E80003A0CDB /* RealModule */,
			);
			productName = IRL;
			productReference = 763BA6A72CB644F4003A0CDB /* IRL.app */;
			productType = "com.apple.product-type.application";
		};
		763BA6B62CB644F6003A0CDB /* IRLTests */ = {
			isa = PBXNativeTarget;
			buildConfigurationList = 763BA6CE2CB644F6003A0CDB /* Build configuration list for PBXNativeTarget "IRLTests" */;
			buildPhases = (
				763BA6B32CB644F6003A0CDB /* Sources */,
				763BA6B42CB644F6003A0CDB /* Frameworks */,
				763BA6B52CB644F6003A0CDB /* Resources */,
			);
			buildRules = (
			);
			dependencies = (
				763BA6B92CB644F6003A0CDB /* PBXTargetDependency */,
			);
			fileSystemSynchronizedGroups = (
				763BA6BA2CB644F6003A0CDB /* IRLTests */,
			);
			name = IRLTests;
			packageProductDependencies = (
			);
			productName = IRLTests;
			productReference = 763BA6B72CB644F6003A0CDB /* IRLTests.xctest */;
			productType = "com.apple.product-type.bundle.unit-test";
		};
		763BA6C02CB644F6003A0CDB /* IRLUITests */ = {
			isa = PBXNativeTarget;
			buildConfigurationList = 763BA6D12CB644F6003A0CDB /* Build configuration list for PBXNativeTarget "IRLUITests" */;
			buildPhases = (
				763BA6BD2CB644F6003A0CDB /* Sources */,
				763BA6BE2CB644F6003A0CDB /* Frameworks */,
				763BA6BF2CB644F6003A0CDB /* Resources */,
			);
			buildRules = (
			);
			dependencies = (
				763BA6C32CB644F6003A0CDB /* PBXTargetDependency */,
			);
			fileSystemSynchronizedGroups = (
				763BA6C42CB644F6003A0CDB /* IRLUITests */,
			);
			name = IRLUITests;
			packageProductDependencies = (
			);
			productName = IRLUITests;
			productReference = 763BA6C12CB644F6003A0CDB /* IRLUITests.xctest */;
			productType = "com.apple.product-type.bundle.ui-testing";
		};
/* End PBXNativeTarget section */

/* Begin PBXProject section */
		763BA69F2CB644F4003A0CDB /* Project object */ = {
			isa = PBXProject;
			attributes = {
				BuildIndependentTargetsInParallel = 1;
				LastSwiftUpdateCheck = 1600;
				LastUpgradeCheck = 1600;
				TargetAttributes = {
					763BA6A62CB644F4003A0CDB = {
						CreatedOnToolsVersion = 16.0;
					};
					763BA6B62CB644F6003A0CDB = {
						CreatedOnToolsVersion = 16.0;
						TestTargetID = 763BA6A62CB644F4003A0CDB;
					};
					763BA6C02CB644F6003A0CDB = {
						CreatedOnToolsVersion = 16.0;
						TestTargetID = 763BA6A62CB644F4003A0CDB;
					};
				};
			};
			buildConfigurationList = 763BA6A22CB644F4003A0CDB /* Build configuration list for PBXProject "IRL" */;
			developmentRegion = en;
			hasScannedForEncodings = 0;
			knownRegions = (
				en,
				Base,
			);
			mainGroup = 763BA69E2CB644F4003A0CDB;
			minimizedProjectReferenceProxies = 1;
			packageReferences = (
				763BA8112CB74E01003A0CDB /* XCRemoteSwiftPackageReference "swift-numerics" */,
			);
			preferredProjectObjectVersion = 77;
			productRefGroup = 763BA6A82CB644F4003A0CDB /* Products */;
			projectDirPath = "";
			projectRoot = "";
			targets = (
				763BA6A62CB644F4003A0CDB /* IRL */,
				763BA6B62CB644F6003A0CDB /* IRLTests */,
				763BA6C02CB644F6003A0CDB /* IRLUITests */,
			);
		};
/* End PBXProject section */

/* Begin PBXResourcesBuildPhase section */
		763BA6A52CB644F4003A0CDB /* Resources */ = {
			isa = PBXResourcesBuildPhase;
			buildActionMask = 2147483647;
			files = (
			);
			runOnlyForDeploymentPostprocessing = 0;
		};
		763BA6B52CB644F6003A0CDB /* Resources */ = {
			isa = PBXResourcesBuildPhase;
			buildActionMask = 2147483647;
			files = (
			);
			runOnlyForDeploymentPostprocessing = 0;
		};
		763BA6BF2CB644F6003A0CDB /* Resources */ = {
			isa = PBXResourcesBuildPhase;
			buildActionMask = 2147483647;
			files = (
			);
			runOnlyForDeploymentPostprocessing = 0;
		};
/* End PBXResourcesBuildPhase section */

/* Begin PBXSourcesBuildPhase section */
		763BA6A32CB644F4003A0CDB /* Sources */ = {
			isa = PBXSourcesBuildPhase;
			buildActionMask = 2147483647;
			files = (
				7658CA442CBA34C2000F33C6 /* TranscriptionsModel.xcdatamodeld in Sources */,
			);
			runOnlyForDeploymentPostprocessing = 0;
		};
		763BA6B32CB644F6003A0CDB /* Sources */ = {
			isa = PBXSourcesBuildPhase;
			buildActionMask = 2147483647;
			files = (
			);
			runOnlyForDeploymentPostprocessing = 0;
		};
		763BA6BD2CB644F6003A0CDB /* Sources */ = {
			isa = PBXSourcesBuildPhase;
			buildActionMask = 2147483647;
			files = (
			);
			runOnlyForDeploymentPostprocessing = 0;
		};
/* End PBXSourcesBuildPhase section */

/* Begin PBXTargetDependency section */
		763BA6B92CB644F6003A0CDB /* PBXTargetDependency */ = {
			isa = PBXTargetDependency;
			target = 763BA6A62CB644F4003A0CDB /* IRL */;
			targetProxy = 763BA6B82CB644F6003A0CDB /* PBXContainerItemProxy */;
		};
		763BA6C32CB644F6003A0CDB /* PBXTargetDependency */ = {
			isa = PBXTargetDependency;
			target = 763BA6A62CB644F4003A0CDB /* IRL */;
			targetProxy = 763BA6C22CB644F6003A0CDB /* PBXContainerItemProxy */;
		};
/* End PBXTargetDependency section */

/* Begin XCBuildConfiguration section */
		763BA6C92CB644F6003A0CDB /* Debug */ = {
			isa = XCBuildConfiguration;
			buildSettings = {
				ALWAYS_SEARCH_USER_PATHS = NO;
				ASSETCATALOG_COMPILER_GENERATE_SWIFT_ASSET_SYMBOL_EXTENSIONS = YES;
				CLANG_ANALYZER_NONNULL = YES;
				CLANG_ANALYZER_NUMBER_OBJECT_CONVERSION = YES_AGGRESSIVE;
				CLANG_CXX_LANGUAGE_STANDARD = "gnu++20";
				CLANG_ENABLE_MODULES = YES;
				CLANG_ENABLE_OBJC_ARC = YES;
				CLANG_ENABLE_OBJC_WEAK = YES;
				CLANG_WARN_BLOCK_CAPTURE_AUTORELEASING = YES;
				CLANG_WARN_BOOL_CONVERSION = YES;
				CLANG_WARN_COMMA = YES;
				CLANG_WARN_CONSTANT_CONVERSION = YES;
				CLANG_WARN_DEPRECATED_OBJC_IMPLEMENTATIONS = YES;
				CLANG_WARN_DIRECT_OBJC_ISA_USAGE = YES_ERROR;
				CLANG_WARN_DOCUMENTATION_COMMENTS = YES;
				CLANG_WARN_EMPTY_BODY = YES;
				CLANG_WARN_ENUM_CONVERSION = YES;
				CLANG_WARN_INFINITE_RECURSION = YES;
				CLANG_WARN_INT_CONVERSION = YES;
				CLANG_WARN_NON_LITERAL_NULL_CONVERSION = YES;
				CLANG_WARN_OBJC_IMPLICIT_RETAIN_SELF = YES;
				CLANG_WARN_OBJC_LITERAL_CONVERSION = YES;
				CLANG_WARN_OBJC_ROOT_CLASS = YES_ERROR;
				CLANG_WARN_QUOTED_INCLUDE_IN_FRAMEWORK_HEADER = YES;
				CLANG_WARN_RANGE_LOOP_ANALYSIS = YES;
				CLANG_WARN_STRICT_PROTOTYPES = YES;
				CLANG_WARN_SUSPICIOUS_MOVE = YES;
				CLANG_WARN_UNGUARDED_AVAILABILITY = YES_AGGRESSIVE;
				CLANG_WARN_UNREACHABLE_CODE = YES;
				CLANG_WARN__DUPLICATE_METHOD_MATCH = YES;
				COPY_PHASE_STRIP = NO;
				DEBUG_INFORMATION_FORMAT = dwarf;
				ENABLE_STRICT_OBJC_MSGSEND = YES;
				ENABLE_TESTABILITY = YES;
				ENABLE_USER_SCRIPT_SANDBOXING = YES;
				GCC_C_LANGUAGE_STANDARD = gnu17;
				GCC_DYNAMIC_NO_PIC = NO;
				GCC_NO_COMMON_BLOCKS = YES;
				GCC_OPTIMIZATION_LEVEL = 0;
				GCC_PREPROCESSOR_DEFINITIONS = (
					"DEBUG=1",
					"$(inherited)",
				);
				GCC_WARN_64_TO_32_BIT_CONVERSION = YES;
				GCC_WARN_ABOUT_RETURN_TYPE = YES_ERROR;
				GCC_WARN_UNDECLARED_SELECTOR = YES;
				GCC_WARN_UNINITIALIZED_AUTOS = YES_AGGRESSIVE;
				GCC_WARN_UNUSED_FUNCTION = YES;
				GCC_WARN_UNUSED_VARIABLE = YES;
				IPHONEOS_DEPLOYMENT_TARGET = 18.0;
				LOCALIZATION_PREFERS_STRING_CATALOGS = YES;
				MTL_ENABLE_DEBUG_INFO = INCLUDE_SOURCE;
				MTL_FAST_MATH = YES;
				ONLY_ACTIVE_ARCH = YES;
				SDKROOT = iphoneos;
				SWIFT_ACTIVE_COMPILATION_CONDITIONS = "DEBUG $(inherited)";
				SWIFT_OPTIMIZATION_LEVEL = "-Onone";
			};
			name = Debug;
		};
		763BA6CA2CB644F6003A0CDB /* Release */ = {
			isa = XCBuildConfiguration;
			buildSettings = {
				ALWAYS_SEARCH_USER_PATHS = NO;
				ASSETCATALOG_COMPILER_GENERATE_SWIFT_ASSET_SYMBOL_EXTENSIONS = YES;
				CLANG_ANALYZER_NONNULL = YES;
				CLANG_ANALYZER_NUMBER_OBJECT_CONVERSION = YES_AGGRESSIVE;
				CLANG_CXX_LANGUAGE_STANDARD = "gnu++20";
				CLANG_ENABLE_MODULES = YES;
				CLANG_ENABLE_OBJC_ARC = YES;
				CLANG_ENABLE_OBJC_WEAK = YES;
				CLANG_WARN_BLOCK_CAPTURE_AUTORELEASING = YES;
				CLANG_WARN_BOOL_CONVERSION = YES;
				CLANG_WARN_COMMA = YES;
				CLANG_WARN_CONSTANT_CONVERSION = YES;
				CLANG_WARN_DEPRECATED_OBJC_IMPLEMENTATIONS = YES;
				CLANG_WARN_DIRECT_OBJC_ISA_USAGE = YES_ERROR;
				CLANG_WARN_DOCUMENTATION_COMMENTS = YES;
				CLANG_WARN_EMPTY_BODY = YES;
				CLANG_WARN_ENUM_CONVERSION = YES;
				CLANG_WARN_INFINITE_RECURSION = YES;
				CLANG_WARN_INT_CONVERSION = YES;
				CLANG_WARN_NON_LITERAL_NULL_CONVERSION = YES;
				CLANG_WARN_OBJC_IMPLICIT_RETAIN_SELF = YES;
				CLANG_WARN_OBJC_LITERAL_CONVERSION = YES;
				CLANG_WARN_OBJC_ROOT_CLASS = YES_ERROR;
				CLANG_WARN_QUOTED_INCLUDE_IN_FRAMEWORK_HEADER = YES;
				CLANG_WARN_RANGE_LOOP_ANALYSIS = YES;
				CLANG_WARN_STRICT_PROTOTYPES = YES;
				CLANG_WARN_SUSPICIOUS_MOVE = YES;
				CLANG_WARN_UNGUARDED_AVAILABILITY = YES_AGGRESSIVE;
				CLANG_WARN_UNREACHABLE_CODE = YES;
				CLANG_WARN__DUPLICATE_METHOD_MATCH = YES;
				COPY_PHASE_STRIP = NO;
				DEBUG_INFORMATION_FORMAT = "dwarf-with-dsym";
				ENABLE_NS_ASSERTIONS = NO;
				ENABLE_STRICT_OBJC_MSGSEND = YES;
				ENABLE_USER_SCRIPT_SANDBOXING = YES;
				GCC_C_LANGUAGE_STANDARD = gnu17;
				GCC_NO_COMMON_BLOCKS = YES;
				GCC_WARN_64_TO_32_BIT_CONVERSION = YES;
				GCC_WARN_ABOUT_RETURN_TYPE = YES_ERROR;
				GCC_WARN_UNDECLARED_SELECTOR = YES;
				GCC_WARN_UNINITIALIZED_AUTOS = YES_AGGRESSIVE;
				GCC_WARN_UNUSED_FUNCTION = YES;
				GCC_WARN_UNUSED_VARIABLE = YES;
				IPHONEOS_DEPLOYMENT_TARGET = 18.0;
				LOCALIZATION_PREFERS_STRING_CATALOGS = YES;
				MTL_ENABLE_DEBUG_INFO = NO;
				MTL_FAST_MATH = YES;
				SDKROOT = iphoneos;
				SWIFT_COMPILATION_MODE = wholemodule;
				VALIDATE_PRODUCT = YES;
			};
			name = Release;
		};
		763BA6CC2CB644F6003A0CDB /* Debug */ = {
			isa = XCBuildConfiguration;
			buildSettings = {
				ASSETCATALOG_COMPILER_APPICON_NAME = AppIcon;
				ASSETCATALOG_COMPILER_GLOBAL_ACCENT_COLOR_NAME = AccentColor;
				CODE_SIGN_ENTITLEMENTS = IRL/IRL.entitlements;
				CODE_SIGN_STYLE = Automatic;
				CURRENT_PROJECT_VERSION = 1;
				DEVELOPMENT_TEAM = 42R8ZPM5N8;
				ENABLE_PREVIEWS = YES;
				GENERATE_INFOPLIST_FILE = YES;
				INFOPLIST_FILE = IRL/Info.plist;
				INFOPLIST_KEY_NSMicrophoneUsageDescription = "Uses the Microphone to collect audio for analysis and transforations";
				INFOPLIST_KEY_NSSpeechRecognitionUsageDescription = "Optimized usage for calling the analysis and user intents.";
				INFOPLIST_KEY_UIApplicationSceneManifest_Generation = YES;
				INFOPLIST_KEY_UIApplicationSupportsIndirectInputEvents = YES;
				INFOPLIST_KEY_UILaunchScreen_Generation = YES;
				INFOPLIST_KEY_UISupportedInterfaceOrientations_iPad = "UIInterfaceOrientationPortrait UIInterfaceOrientationPortraitUpsideDown UIInterfaceOrientationLandscapeLeft UIInterfaceOrientationLandscapeRight";
				INFOPLIST_KEY_UISupportedInterfaceOrientations_iPhone = "UIInterfaceOrientationPortrait UIInterfaceOrientationLandscapeLeft UIInterfaceOrientationLandscapeRight";
				LD_RUNPATH_SEARCH_PATHS = (
					"$(inherited)",
					"@executable_path/Frameworks",
				);
				MARKETING_VERSION = 1.0;
				PRODUCT_BUNDLE_IDENTIFIER = ebowwa.IRL;
				PRODUCT_NAME = "$(TARGET_NAME)";
				SWIFT_EMIT_LOC_STRINGS = YES;
				SWIFT_VERSION = 5.0;
				TARGETED_DEVICE_FAMILY = "1,2";
			};
			name = Debug;
		};
		763BA6CD2CB644F6003A0CDB /* Release */ = {
			isa = XCBuildConfiguration;
			buildSettings = {
				ASSETCATALOG_COMPILER_APPICON_NAME = AppIcon;
				ASSETCATALOG_COMPILER_GLOBAL_ACCENT_COLOR_NAME = AccentColor;
				CODE_SIGN_ENTITLEMENTS = IRL/IRL.entitlements;
				CODE_SIGN_STYLE = Automatic;
				CURRENT_PROJECT_VERSION = 1;
				DEVELOPMENT_TEAM = 42R8ZPM5N8;
				ENABLE_PREVIEWS = YES;
				GENERATE_INFOPLIST_FILE = YES;
				INFOPLIST_FILE = IRL/Info.plist;
				INFOPLIST_KEY_NSMicrophoneUsageDescription = "Uses the Microphone to collect audio for analysis and transforations";
				INFOPLIST_KEY_NSSpeechRecognitionUsageDescription = "Optimized usage for calling the analysis and user intents.";
				INFOPLIST_KEY_UIApplicationSceneManifest_Generation = YES;
				INFOPLIST_KEY_UIApplicationSupportsIndirectInputEvents = YES;
				INFOPLIST_KEY_UILaunchScreen_Generation = YES;
				INFOPLIST_KEY_UISupportedInterfaceOrientations_iPad = "UIInterfaceOrientationPortrait UIInterfaceOrientationPortraitUpsideDown UIInterfaceOrientationLandscapeLeft UIInterfaceOrientationLandscapeRight";
				INFOPLIST_KEY_UISupportedInterfaceOrientations_iPhone = "UIInterfaceOrientationPortrait UIInterfaceOrientationLandscapeLeft UIInterfaceOrientationLandscapeRight";
				LD_RUNPATH_SEARCH_PATHS = (
					"$(inherited)",
					"@executable_path/Frameworks",
				);
				MARKETING_VERSION = 1.0;
				PRODUCT_BUNDLE_IDENTIFIER = ebowwa.IRL;
				PRODUCT_NAME = "$(TARGET_NAME)";
				SWIFT_EMIT_LOC_STRINGS = YES;
				SWIFT_VERSION = 5.0;
				TARGETED_DEVICE_FAMILY = "1,2";
			};
			name = Release;
		};
		763BA6CF2CB644F6003A0CDB /* Debug */ = {
			isa = XCBuildConfiguration;
			buildSettings = {
				BUNDLE_LOADER = "$(TEST_HOST)";
				CODE_SIGN_STYLE = Automatic;
				CURRENT_PROJECT_VERSION = 1;
				DEVELOPMENT_TEAM = 42R8ZPM5N8;
				GENERATE_INFOPLIST_FILE = YES;
				IPHONEOS_DEPLOYMENT_TARGET = 18.0;
				MARKETING_VERSION = 1.0;
				PRODUCT_BUNDLE_IDENTIFIER = ebowwa.IRLTests;
				PRODUCT_NAME = "$(TARGET_NAME)";
				SWIFT_EMIT_LOC_STRINGS = NO;
				SWIFT_VERSION = 5.0;
				TARGETED_DEVICE_FAMILY = "1,2";
				TEST_HOST = "$(BUILT_PRODUCTS_DIR)/IRL.app/$(BUNDLE_EXECUTABLE_FOLDER_PATH)/IRL";
			};
			name = Debug;
		};
		763BA6D02CB644F6003A0CDB /* Release */ = {
			isa = XCBuildConfiguration;
			buildSettings = {
				BUNDLE_LOADER = "$(TEST_HOST)";
				CODE_SIGN_STYLE = Automatic;
				CURRENT_PROJECT_VERSION = 1;
				DEVELOPMENT_TEAM = 42R8ZPM5N8;
				GENERATE_INFOPLIST_FILE = YES;
				IPHONEOS_DEPLOYMENT_TARGET = 18.0;
				MARKETING_VERSION = 1.0;
				PRODUCT_BUNDLE_IDENTIFIER = ebowwa.IRLTests;
				PRODUCT_NAME = "$(TARGET_NAME)";
				SWIFT_EMIT_LOC_STRINGS = NO;
				SWIFT_VERSION = 5.0;
				TARGETED_DEVICE_FAMILY = "1,2";
				TEST_HOST = "$(BUILT_PRODUCTS_DIR)/IRL.app/$(BUNDLE_EXECUTABLE_FOLDER_PATH)/IRL";
			};
			name = Release;
		};
		763BA6D22CB644F6003A0CDB /* Debug */ = {
			isa = XCBuildConfiguration;
			buildSettings = {
				CODE_SIGN_STYLE = Automatic;
				CURRENT_PROJECT_VERSION = 1;
				DEVELOPMENT_TEAM = 42R8ZPM5N8;
				GENERATE_INFOPLIST_FILE = YES;
				MARKETING_VERSION = 1.0;
				PRODUCT_BUNDLE_IDENTIFIER = ebowwa.IRLUITests;
				PRODUCT_NAME = "$(TARGET_NAME)";
				SWIFT_EMIT_LOC_STRINGS = NO;
				SWIFT_VERSION = 5.0;
				TARGETED_DEVICE_FAMILY = "1,2";
				TEST_TARGET_NAME = IRL;
			};
			name = Debug;
		};
		763BA6D32CB644F6003A0CDB /* Release */ = {
			isa = XCBuildConfiguration;
			buildSettings = {
				CODE_SIGN_STYLE = Automatic;
				CURRENT_PROJECT_VERSION = 1;
				DEVELOPMENT_TEAM = 42R8ZPM5N8;
				GENERATE_INFOPLIST_FILE = YES;
				MARKETING_VERSION = 1.0;
				PRODUCT_BUNDLE_IDENTIFIER = ebowwa.IRLUITests;
				PRODUCT_NAME = "$(TARGET_NAME)";
				SWIFT_EMIT_LOC_STRINGS = NO;
				SWIFT_VERSION = 5.0;
				TARGETED_DEVICE_FAMILY = "1,2";
				TEST_TARGET_NAME = IRL;
			};
			name = Release;
		};
/* End XCBuildConfiguration section */

/* Begin XCConfigurationList section */
		763BA6A22CB644F4003A0CDB /* Build configuration list for PBXProject "IRL" */ = {
			isa = XCConfigurationList;
			buildConfigurations = (
				763BA6C92CB644F6003A0CDB /* Debug */,
				763BA6CA2CB644F6003A0CDB /* Release */,
			);
			defaultConfigurationIsVisible = 0;
			defaultConfigurationName = Release;
		};
		763BA6CB2CB644F6003A0CDB /* Build configuration list for PBXNativeTarget "IRL" */ = {
			isa = XCConfigurationList;
			buildConfigurations = (
				763BA6CC2CB644F6003A0CDB /* Debug */,
				763BA6CD2CB644F6003A0CDB /* Release */,
			);
			defaultConfigurationIsVisible = 0;
			defaultConfigurationName = Release;
		};
		763BA6CE2CB644F6003A0CDB /* Build configuration list for PBXNativeTarget "IRLTests" */ = {
			isa = XCConfigurationList;
			buildConfigurations = (
				763BA6CF2CB644F6003A0CDB /* Debug */,
				763BA6D02CB644F6003A0CDB /* Release */,
			);
			defaultConfigurationIsVisible = 0;
			defaultConfigurationName = Release;
		};
		763BA6D12CB644F6003A0CDB /* Build configuration list for PBXNativeTarget "IRLUITests" */ = {
			isa = XCConfigurationList;
			buildConfigurations = (
				763BA6D22CB644F6003A0CDB /* Debug */,
				763BA6D32CB644F6003A0CDB /* Release */,
			);
			defaultConfigurationIsVisible = 0;
			defaultConfigurationName = Release;
		};
/* End XCConfigurationList section */

/* Begin XCRemoteSwiftPackageReference section */
		763BA8112CB74E01003A0CDB /* XCRemoteSwiftPackageReference "swift-numerics" */ = {
			isa = XCRemoteSwiftPackageReference;
			repositoryURL = "https://github.com/apple/swift-numerics.git";
			requirement = {
				kind = upToNextMajorVersion;
				minimumVersion = 1.0.2;
			};
		};
/* End XCRemoteSwiftPackageReference section */

/* Begin XCSwiftPackageProductDependency section */
		763BA8122CB74E80003A0CDB /* ComplexModule */ = {
			isa = XCSwiftPackageProductDependency;
			package = 763BA8112CB74E01003A0CDB /* XCRemoteSwiftPackageReference "swift-numerics" */;
			productName = ComplexModule;
		};
		763BA8142CB74E80003A0CDB /* Numerics */ = {
			isa = XCSwiftPackageProductDependency;
			package = 763BA8112CB74E01003A0CDB /* XCRemoteSwiftPackageReference "swift-numerics" */;
			productName = Numerics;
		};
		763BA8162CB74E80003A0CDB /* RealModule */ = {
			isa = XCSwiftPackageProductDependency;
			package = 763BA8112CB74E01003A0CDB /* XCRemoteSwiftPackageReference "swift-numerics" */;
			productName = RealModule;
		};
/* End XCSwiftPackageProductDependency section */

/* Begin XCVersionGroup section */
		7658CA422CBA34C2000F33C6 /* TranscriptionsModel.xcdatamodeld */ = {
			isa = XCVersionGroup;
			children = (
				7658CA432CBA34C2000F33C6 /* TranscriptionsModel.xcdatamodel */,
			);
			currentVersion = 7658CA432CBA34C2000F33C6 /* TranscriptionsModel.xcdatamodel */;
			path = TranscriptionsModel.xcdatamodeld;
			sourceTree = "<group>";
			versionGroupType = wrapper.xcdatamodel;
		};
/* End XCVersionGroup section */
	};
	rootObject = 763BA69F2CB644F4003A0CDB /* Project object */;
}
