{
  "name": "caringmind",
  "lockfileVersion": 3,
  "requires": true,
  "packages": {
    "node_modules/.pnpm/dotenv@16.4.5/node_modules/dotenv": {
      "version": "16.4.5",
      "extraneous": true,
      "license": "BSD-2-Clause",
      "devDependencies": {
        "@definitelytyped/dtslint": "^0.0.133",
        "@types/node": "^18.11.3",
        "decache": "^4.6.1",
        "sinon": "^14.0.1",
        "standard": "^17.0.0",
        "standard-markdown": "^7.1.0",
        "standard-version": "^9.5.0",
        "tap": "^16.3.0",
        "tar": "^6.1.11",
        "typescript": "^4.8.4"
      },
      "engines": {
        "node": ">=12"
      },
      "funding": {
        "url": "https://dotenvx.com"
      }
    },
    "node_modules/.pnpm/js-tokens@4.0.0/node_modules/js-tokens": {
      "version": "4.0.0",
      "extraneous": true,
      "license": "MIT",
      "devDependencies": {
        "coffeescript": "2.1.1",
        "esprima": "4.0.0",
        "everything.js": "1.0.3",
        "mocha": "5.0.0"
      }
    },
    "node_modules/.pnpm/loose-envify@1.4.0": {},
    "node_modules/.pnpm/lucide-react@0.456.0_react@18.3.1": {},
    "node_modules/.pnpm/react@18.3.1": {}
  }
}
