// !$*UTF8*$!
{
	archiveVersion = 1;
	classes = {
	};
	objectVersion = 77;
	objects = {

/* Begin PBXContainerItemProxy section */
		7672F4E82CCA2BAB002B64C2 /* PBXContainerItemProxy */ = {
			isa = PBXContainerItemProxy;
			containerPortal = 7672F4CF2CCA2BA9002B64C2 /* Project object */;
			proxyType = 1;
			remoteGlobalIDString = 7672F4D62CCA2BA9002B64C2;
			remoteInfo = "irl-watch Watch App";
		};
		7672F4F22CCA2BAB002B64C2 /* PBXContainerItemProxy */ = {
			isa = PBXContainerItemProxy;
			containerPortal = 7672F4CF2CCA2BA9002B64C2 /* Project object */;
			proxyType = 1;
			remoteGlobalIDString = 7672F4D62CCA2BA9002B64C2;
			remoteInfo = "irl-watch Watch App";
		};
/* End PBXContainerItemProxy section */

/* Begin PBXFileReference section */
		7672F4D72CCA2BA9002B64C2 /* irl-watch Watch App.app */ = {isa = PBXFileReference; explicitFileType = wrapper.application; includeInIndex = 0; path = "irl-watch Watch App.app"; sourceTree = BUILT_PRODUCTS_DIR; };
		7672F4E72CCA2BAB002B64C2 /* irl-watch Watch AppTests.xctest */ = {isa = PBXFileReference; explicitFileType = wrapper.cfbundle; includeInIndex = 0; path = "irl-watch Watch AppTests.xctest"; sourceTree = BUILT_PRODUCTS_DIR; };
		7672F4F12CCA2BAB002B64C2 /* irl-watch Watch AppUITests.xctest */ = {isa = PBXFileReference; explicitFileType = wrapper.cfbundle; includeInIndex = 0; path = "irl-watch Watch AppUITests.xctest"; sourceTree = BUILT_PRODUCTS_DIR; };
/* End PBXFileReference section */

/* Begin PBXFileSystemSynchronizedRootGroup section */
		7672F4D92CCA2BA9002B64C2 /* irl-watch Watch App */ = {
			isa = PBXFileSystemSynchronizedRootGroup;
			path = "irl-watch Watch App";
			sourceTree = "<group>";
		};
		7672F4EA2CCA2BAB002B64C2 /* irl-watch Watch AppTests */ = {
			isa = PBXFileSystemSynchronizedRootGroup;
			path = "irl-watch Watch AppTests";
			sourceTree = "<group>";
		};
		7672F4F42CCA2BAB002B64C2 /* irl-watch Watch AppUITests */ = {
			isa = PBXFileSystemSynchronizedRootGroup;
			path = "irl-watch Watch AppUITests";
			sourceTree = "<group>";
		};
/* End PBXFileSystemSynchronizedRootGroup section */

/* Begin PBXFrameworksBuildPhase section */
		7672F4D42CCA2BA9002B64C2 /* Frameworks */ = {
			isa = PBXFrameworksBuildPhase;
			buildActionMask = 2147483647;
			files = (
			);
			runOnlyForDeploymentPostprocessing = 0;
		};
		7672F4E42CCA2BAB002B64C2 /* Frameworks */ = {
			isa = PBXFrameworksBuildPhase;
			buildActionMask = 2147483647;
			files = (
			);
			runOnlyForDeploymentPostprocessing = 0;
		};
		7672F4EE2CCA2BAB002B64C2 /* Frameworks */ = {
			isa = PBXFrameworksBuildPhase;
			buildActionMask = 2147483647;
			files = (
			);
			runOnlyForDeploymentPostprocessing = 0;
		};
/* End PBXFrameworksBuildPhase section */

/* Begin PBXGroup section */
		7672F4CE2CCA2BA9002B64C2 = {
			isa = PBXGroup;
			children = (
				7672F4D92CCA2BA9002B64C2 /* irl-watch Watch App */,
				7672F4EA2CCA2BAB002B64C2 /* irl-watch Watch AppTests */,
				7672F4F42CCA2BAB002B64C2 /* irl-watch Watch AppUITests */,
				7672F4D82CCA2BA9002B64C2 /* Products */,
			);
			sourceTree = "<group>";
		};
		7672F4D82CCA2BA9002B64C2 /* Products */ = {
			isa = PBXGroup;
			children = (
				7672F4D72CCA2BA9002B64C2 /* irl-watch Watch App.app */,
				7672F4E72CCA2BAB002B64C2 /* irl-watch Watch AppTests.xctest */,
				7672F4F12CCA2BAB002B64C2 /* irl-watch Watch AppUITests.xctest */,
			);
			name = Products;
			sourceTree = "<group>";
		};
/* End PBXGroup section */

/* Begin PBXNativeTarget section */
		7672F4D62CCA2BA9002B64C2 /* irl-watch Watch App */ = {
			isa = PBXNativeTarget;
			buildConfigurationList = 7672F4FB2CCA2BAB002B64C2 /* Build configuration list for PBXNativeTarget "irl-watch Watch App" */;
			buildPhases = (
				7672F4D32CCA2BA9002B64C2 /* Sources */,
				7672F4D42CCA2BA9002B64C2 /* Frameworks */,
				7672F4D52CCA2BA9002B64C2 /* Resources */,
			);
			buildRules = (
			);
			dependencies = (
			);
			fileSystemSynchronizedGroups = (
				7672F4D92CCA2BA9002B64C2 /* irl-watch Watch App */,
			);
			name = "irl-watch Watch App";
			packageProductDependencies = (
			);
			productName = "irl-watch Watch App";
			productReference = 7672F4D72CCA2BA9002B64C2 /* irl-watch Watch App.app */;
			productType = "com.apple.product-type.application";
		};
		7672F4E62CCA2BAB002B64C2 /* irl-watch Watch AppTests */ = {
			isa = PBXNativeTarget;
			buildConfigurationList = 7672F4FE2CCA2BAB002B64C2 /* Build configuration list for PBXNativeTarget "irl-watch Watch AppTests" */;
			buildPhases = (
				7672F4E32CCA2BAB002B64C2 /* Sources */,
				7672F4E42CCA2BAB002B64C2 /* Frameworks */,
				7672F4E52CCA2BAB002B64C2 /* Resources */,
			);
			buildRules = (
			);
			dependencies = (
				7672F4E92CCA2BAB002B64C2 /* PBXTargetDependency */,
			);
			fileSystemSynchronizedGroups = (
				7672F4EA2CCA2BAB002B64C2 /* irl-watch Watch AppTests */,
			);
			name = "irl-watch Watch AppTests";
			packageProductDependencies = (
			);
			productName = "irl-watch Watch AppTests";
			productReference = 7672F4E72CCA2BAB002B64C2 /* irl-watch Watch AppTests.xctest */;
			productType = "com.apple.product-type.bundle.unit-test";
		};
		7672F4F02CCA2BAB002B64C2 /* irl-watch Watch AppUITests */ = {
			isa = PBXNativeTarget;
			buildConfigurationList = 7672F5012CCA2BAB002B64C2 /* Build configuration list for PBXNativeTarget "irl-watch Watch AppUITests" */;
			buildPhases = (
				7672F4ED2CCA2BAB002B64C2 /* Sources */,
				7672F4EE2CCA2BAB002B64C2 /* Frameworks */,
				7672F4EF2CCA2BAB002B64C2 /* Resources */,
			);
			buildRules = (
			);
			dependencies = (
				7672F4F32CCA2BAB002B64C2 /* PBXTargetDependency */,
			);
			fileSystemSynchronizedGroups = (
				7672F4F42CCA2BAB002B64C2 /* irl-watch Watch AppUITests */,
			);
			name = "irl-watch Watch AppUITests";
			packageProductDependencies = (
			);
			productName = "irl-watch Watch AppUITests";
			productReference = 7672F4F12CCA2BAB002B64C2 /* irl-watch Watch AppUITests.xctest */;
			productType = "com.apple.product-type.bundle.ui-testing";
		};
/* End PBXNativeTarget section */

/* Begin PBXProject section */
		7672F4CF2CCA2BA9002B64C2 /* Project object */ = {
			isa = PBXProject;
			attributes = {
				BuildIndependentTargetsInParallel = 1;
				LastSwiftUpdateCheck = 1600;
				LastUpgradeCheck = 1600;
				TargetAttributes = {
					7672F4D62CCA2BA9002B64C2 = {
						CreatedOnToolsVersion = 16.0;
					};
					7672F4E62CCA2BAB002B64C2 = {
						CreatedOnToolsVersion = 16.0;
						TestTargetID = 7672F4D62CCA2BA9002B64C2;
					};
					7672F4F02CCA2BAB002B64C2 = {
						CreatedOnToolsVersion = 16.0;
						TestTargetID = 7672F4D62CCA2BA9002B64C2;
					};
				};
			};
			buildConfigurationList = 7672F4D22CCA2BA9002B64C2 /* Build configuration list for PBXProject "irl-watch" */;
			developmentRegion = en;
			hasScannedForEncodings = 0;
			knownRegions = (
				en,
				Base,
			);
			mainGroup = 7672F4CE2CCA2BA9002B64C2;
			minimizedProjectReferenceProxies = 1;
			preferredProjectObjectVersion = 77;
			productRefGroup = 7672F4D82CCA2BA9002B64C2 /* Products */;
			projectDirPath = "";
			projectRoot = "";
			targets = (
				7672F4D62CCA2BA9002B64C2 /* irl-watch Watch App */,
				7672F4E62CCA2BAB002B64C2 /* irl-watch Watch AppTests */,
				7672F4F02CCA2BAB002B64C2 /* irl-watch Watch AppUITests */,
			);
		};
/* End PBXProject section */

/* Begin PBXResourcesBuildPhase section */
		7672F4D52CCA2BA9002B64C2 /* Resources */ = {
			isa = PBXResourcesBuildPhase;
			buildActionMask = 2147483647;
			files = (
			);
			runOnlyForDeploymentPostprocessing = 0;
		};
		7672F4E52CCA2BAB002B64C2 /* Resources */ = {
			isa = PBXResourcesBuildPhase;
			buildActionMask = 2147483647;
			files = (
			);
			runOnlyForDeploymentPostprocessing = 0;
		};
		7672F4EF2CCA2BAB002B64C2 /* Resources */ = {
			isa = PBXResourcesBuildPhase;
			buildActionMask = 2147483647;
			files = (
			);
			runOnlyForDeploymentPostprocessing = 0;
		};
/* End PBXResourcesBuildPhase section */

/* Begin PBXSourcesBuildPhase section */
		7672F4D32CCA2BA9002B64C2 /* Sources */ = {
			isa = PBXSourcesBuildPhase;
			buildActionMask = 2147483647;
			files = (
			);
			runOnlyForDeploymentPostprocessing = 0;
		};
		7672F4E32CCA2BAB002B64C2 /* Sources */ = {
			isa = PBXSourcesBuildPhase;
			buildActionMask = 2147483647;
			files = (
			);
			runOnlyForDeploymentPostprocessing = 0;
		};
		7672F4ED2CCA2BAB002B64C2 /* Sources */ = {
			isa = PBXSourcesBuildPhase;
			buildActionMask = 2147483647;
			files = (
			);
			runOnlyForDeploymentPostprocessing = 0;
		};
/* End PBXSourcesBuildPhase section */

/* Begin PBXTargetDependency section */
		7672F4E92CCA2BAB002B64C2 /* PBXTargetDependency */ = {
			isa = PBXTargetDependency;
			target = 7672F4D62CCA2BA9002B64C2 /* irl-watch Watch App */;
			targetProxy = 7672F4E82CCA2BAB002B64C2 /* PBXContainerItemProxy */;
		};
		7672F4F32CCA2BAB002B64C2 /* PBXTargetDependency */ = {
			isa = PBXTargetDependency;
			target = 7672F4D62CCA2BA9002B64C2 /* irl-watch Watch App */;
			targetProxy = 7672F4F22CCA2BAB002B64C2 /* PBXContainerItemProxy */;
		};
/* End PBXTargetDependency section */

/* Begin XCBuildConfiguration section */
		7672F4F92CCA2BAB002B64C2 /* Debug */ = {
			isa = XCBuildConfiguration;
			buildSettings = {
				ALWAYS_SEARCH_USER_PATHS = NO;
				ASSETCATALOG_COMPILER_GENERATE_SWIFT_ASSET_SYMBOL_EXTENSIONS = YES;
				CLANG_ANALYZER_NONNULL = YES;
				CLANG_ANALYZER_NUMBER_OBJECT_CONVERSION = YES_AGGRESSIVE;
				CLANG_CXX_LANGUAGE_STANDARD = "gnu++20";
				CLANG_ENABLE_MODULES = YES;
				CLANG_ENABLE_OBJC_ARC = YES;
				CLANG_ENABLE_OBJC_WEAK = YES;
				CLANG_WARN_BLOCK_CAPTURE_AUTORELEASING = YES;
				CLANG_WARN_BOOL_CONVERSION = YES;
				CLANG_WARN_COMMA = YES;
				CLANG_WARN_CONSTANT_CONVERSION = YES;
				CLANG_WARN_DEPRECATED_OBJC_IMPLEMENTATIONS = YES;
				CLANG_WARN_DIRECT_OBJC_ISA_USAGE = YES_ERROR;
				CLANG_WARN_DOCUMENTATION_COMMENTS = YES;
				CLANG_WARN_EMPTY_BODY = YES;
				CLANG_WARN_ENUM_CONVERSION = YES;
				CLANG_WARN_INFINITE_RECURSION = YES;
				CLANG_WARN_INT_CONVERSION = YES;
				CLANG_WARN_NON_LITERAL_NULL_CONVERSION = YES;
				CLANG_WARN_OBJC_IMPLICIT_RETAIN_SELF = YES;
				CLANG_WARN_OBJC_LITERAL_CONVERSION = YES;
				CLANG_WARN_OBJC_ROOT_CLASS = YES_ERROR;
				CLANG_WARN_QUOTED_INCLUDE_IN_FRAMEWORK_HEADER = YES;
				CLANG_WARN_RANGE_LOOP_ANALYSIS = YES;
				CLANG_WARN_STRICT_PROTOTYPES = YES;
				CLANG_WARN_SUSPICIOUS_MOVE = YES;
				CLANG_WARN_UNGUARDED_AVAILABILITY = YES_AGGRESSIVE;
				CLANG_WARN_UNREACHABLE_CODE = YES;
				CLANG_WARN__DUPLICATE_METHOD_MATCH = YES;
				COPY_PHASE_STRIP = NO;
				DEBUG_INFORMATION_FORMAT = dwarf;
				ENABLE_STRICT_OBJC_MSGSEND = YES;
				ENABLE_TESTABILITY = YES;
				ENABLE_USER_SCRIPT_SANDBOXING = YES;
				GCC_C_LANGUAGE_STANDARD = gnu17;
				GCC_DYNAMIC_NO_PIC = NO;
				GCC_NO_COMMON_BLOCKS = YES;
				GCC_OPTIMIZATION_LEVEL = 0;
				GCC_PREPROCESSOR_DEFINITIONS = (
					"DEBUG=1",
					"$(inherited)",
				);
				GCC_WARN_64_TO_32_BIT_CONVERSION = YES;
				GCC_WARN_ABOUT_RETURN_TYPE = YES_ERROR;
				GCC_WARN_UNDECLARED_SELECTOR = YES;
				GCC_WARN_UNINITIALIZED_AUTOS = YES_AGGRESSIVE;
				GCC_WARN_UNUSED_FUNCTION = YES;
				GCC_WARN_UNUSED_VARIABLE = YES;
				LOCALIZATION_PREFERS_STRING_CATALOGS = YES;
				MTL_ENABLE_DEBUG_INFO = INCLUDE_SOURCE;
				MTL_FAST_MATH = YES;
				ONLY_ACTIVE_ARCH = YES;
				SWIFT_ACTIVE_COMPILATION_CONDITIONS = "DEBUG $(inherited)";
				SWIFT_OPTIMIZATION_LEVEL = "-Onone";
			};
			name = Debug;
		};
		7672F4FA2CCA2BAB002B64C2 /* Release */ = {
			isa = XCBuildConfiguration;
			buildSettings = {
				ALWAYS_SEARCH_USER_PATHS = NO;
				ASSETCATALOG_COMPILER_GENERATE_SWIFT_ASSET_SYMBOL_EXTENSIONS = YES;
				CLANG_ANALYZER_NONNULL = YES;
				CLANG_ANALYZER_NUMBER_OBJECT_CONVERSION = YES_AGGRESSIVE;
				CLANG_CXX_LANGUAGE_STANDARD = "gnu++20";
				CLANG_ENABLE_MODULES = YES;
				CLANG_ENABLE_OBJC_ARC = YES;
				CLANG_ENABLE_OBJC_WEAK = YES;
				CLANG_WARN_BLOCK_CAPTURE_AUTORELEASING = YES;
				CLANG_WARN_BOOL_CONVERSION = YES;
				CLANG_WARN_COMMA = YES;
				CLANG_WARN_CONSTANT_CONVERSION = YES;
				CLANG_WARN_DEPRECATED_OBJC_IMPLEMENTATIONS = YES;
				CLANG_WARN_DIRECT_OBJC_ISA_USAGE = YES_ERROR;
				CLANG_WARN_DOCUMENTATION_COMMENTS = YES;
				CLANG_WARN_EMPTY_BODY = YES;
				CLANG_WARN_ENUM_CONVERSION = YES;
				CLANG_WARN_INFINITE_RECURSION = YES;
				CLANG_WARN_INT_CONVERSION = YES;
				CLANG_WARN_NON_LITERAL_NULL_CONVERSION = YES;
				CLANG_WARN_OBJC_IMPLICIT_RETAIN_SELF = YES;
				CLANG_WARN_OBJC_LITERAL_CONVERSION = YES;
				CLANG_WARN_OBJC_ROOT_CLASS = YES_ERROR;
				CLANG_WARN_QUOTED_INCLUDE_IN_FRAMEWORK_HEADER = YES;
				CLANG_WARN_RANGE_LOOP_ANALYSIS = YES;
				CLANG_WARN_STRICT_PROTOTYPES = YES;
				CLANG_WARN_SUSPICIOUS_MOVE = YES;
				CLANG_WARN_UNGUARDED_AVAILABILITY = YES_AGGRESSIVE;
				CLANG_WARN_UNREACHABLE_CODE = YES;
				CLANG_WARN__DUPLICATE_METHOD_MATCH = YES;
				COPY_PHASE_STRIP = NO;
				DEBUG_INFORMATION_FORMAT = "dwarf-with-dsym";
				ENABLE_NS_ASSERTIONS = NO;
				ENABLE_STRICT_OBJC_MSGSEND = YES;
				ENABLE_USER_SCRIPT_SANDBOXING = YES;
				GCC_C_LANGUAGE_STANDARD = gnu17;
				GCC_NO_COMMON_BLOCKS = YES;
				GCC_WARN_64_TO_32_BIT_CONVERSION = YES;
				GCC_WARN_ABOUT_RETURN_TYPE = YES_ERROR;
				GCC_WARN_UNDECLARED_SELECTOR = YES;
				GCC_WARN_UNINITIALIZED_AUTOS = YES_AGGRESSIVE;
				GCC_WARN_UNUSED_FUNCTION = YES;
				GCC_WARN_UNUSED_VARIABLE = YES;
				LOCALIZATION_PREFERS_STRING_CATALOGS = YES;
				MTL_ENABLE_DEBUG_INFO = NO;
				MTL_FAST_MATH = YES;
				SWIFT_COMPILATION_MODE = wholemodule;
			};
			name = Release;
		};
		7672F4FC2CCA2BAB002B64C2 /* Debug */ = {
			isa = XCBuildConfiguration;
			buildSettings = {
				ASSETCATALOG_COMPILER_APPICON_NAME = AppIcon;
				ASSETCATALOG_COMPILER_GLOBAL_ACCENT_COLOR_NAME = AccentColor;
				CODE_SIGN_STYLE = Automatic;
				CURRENT_PROJECT_VERSION = 1;
				DEVELOPMENT_ASSET_PATHS = "\"irl-watch Watch App/Preview Content\"";
				DEVELOPMENT_TEAM = 42R8ZPM5N8;
				ENABLE_PREVIEWS = YES;
				GENERATE_INFOPLIST_FILE = YES;
				INFOPLIST_KEY_CFBundleDisplayName = "irl-watch";
				INFOPLIST_KEY_UISupportedInterfaceOrientations = "UIInterfaceOrientationPortrait UIInterfaceOrientationPortraitUpsideDown";
				INFOPLIST_KEY_WKCompanionAppBundleIdentifier = "";
				LD_RUNPATH_SEARCH_PATHS = (
					"$(inherited)",
					"@executable_path/Frameworks",
				);
				MARKETING_VERSION = 1.0;
				PRODUCT_BUNDLE_IDENTIFIER = .watchkitapp;
				PRODUCT_NAME = "$(TARGET_NAME)";
				SDKROOT = watchos;
				SKIP_INSTALL = YES;
				SWIFT_EMIT_LOC_STRINGS = YES;
				SWIFT_VERSION = 5.0;
				TARGETED_DEVICE_FAMILY = 4;
				WATCHOS_DEPLOYMENT_TARGET = 11.0;
			};
			name = Debug;
		};
		7672F4FD2CCA2BAB002B64C2 /* Release */ = {
			isa = XCBuildConfiguration;
			buildSettings = {
				ASSETCATALOG_COMPILER_APPICON_NAME = AppIcon;
				ASSETCATALOG_COMPILER_GLOBAL_ACCENT_COLOR_NAME = AccentColor;
				CODE_SIGN_STYLE = Automatic;
				CURRENT_PROJECT_VERSION = 1;
				DEVELOPMENT_ASSET_PATHS = "\"irl-watch Watch App/Preview Content\"";
				DEVELOPMENT_TEAM = 42R8ZPM5N8;
				ENABLE_PREVIEWS = YES;
				GENERATE_INFOPLIST_FILE = YES;
				INFOPLIST_KEY_CFBundleDisplayName = "irl-watch";
				INFOPLIST_KEY_UISupportedInterfaceOrientations = "UIInterfaceOrientationPortrait UIInterfaceOrientationPortraitUpsideDown";
				INFOPLIST_KEY_WKCompanionAppBundleIdentifier = "";
				LD_RUNPATH_SEARCH_PATHS = (
					"$(inherited)",
					"@executable_path/Frameworks",
				);
				MARKETING_VERSION = 1.0;
				PRODUCT_BUNDLE_IDENTIFIER = .watchkitapp;
				PRODUCT_NAME = "$(TARGET_NAME)";
				SDKROOT = watchos;
				SKIP_INSTALL = YES;
				SWIFT_EMIT_LOC_STRINGS = YES;
				SWIFT_VERSION = 5.0;
				TARGETED_DEVICE_FAMILY = 4;
				VALIDATE_PRODUCT = YES;
				WATCHOS_DEPLOYMENT_TARGET = 11.0;
			};
			name = Release;
		};
		7672F4FF2CCA2BAB002B64C2 /* Debug */ = {
			isa = XCBuildConfiguration;
			buildSettings = {
				BUNDLE_LOADER = "$(TEST_HOST)";
				CODE_SIGN_STYLE = Automatic;
				CURRENT_PROJECT_VERSION = 1;
				DEVELOPMENT_TEAM = 42R8ZPM5N8;
				GENERATE_INFOPLIST_FILE = YES;
				MARKETING_VERSION = 1.0;
				PRODUCT_BUNDLE_IDENTIFIER = "ebowwa.irl-watch-Watch-AppTests";
				PRODUCT_NAME = "$(TARGET_NAME)";
				SDKROOT = watchos;
				SWIFT_EMIT_LOC_STRINGS = NO;
				SWIFT_VERSION = 5.0;
				TARGETED_DEVICE_FAMILY = 4;
				TEST_HOST = "$(BUILT_PRODUCTS_DIR)/irl-watch Watch App.app/$(BUNDLE_EXECUTABLE_FOLDER_PATH)/irl-watch Watch App";
				WATCHOS_DEPLOYMENT_TARGET = 11.0;
			};
			name = Debug;
		};
		7672F5002CCA2BAB002B64C2 /* Release */ = {
			isa = XCBuildConfiguration;
			buildSettings = {
				BUNDLE_LOADER = "$(TEST_HOST)";
				CODE_SIGN_STYLE = Automatic;
				CURRENT_PROJECT_VERSION = 1;
				DEVELOPMENT_TEAM = 42R8ZPM5N8;
				GENERATE_INFOPLIST_FILE = YES;
				MARKETING_VERSION = 1.0;
				PRODUCT_BUNDLE_IDENTIFIER = "ebowwa.irl-watch-Watch-AppTests";
				PRODUCT_NAME = "$(TARGET_NAME)";
				SDKROOT = watchos;
				SWIFT_EMIT_LOC_STRINGS = NO;
				SWIFT_VERSION = 5.0;
				TARGETED_DEVICE_FAMILY = 4;
				TEST_HOST = "$(BUILT_PRODUCTS_DIR)/irl-watch Watch App.app/$(BUNDLE_EXECUTABLE_FOLDER_PATH)/irl-watch Watch App";
				VALIDATE_PRODUCT = YES;
				WATCHOS_DEPLOYMENT_TARGET = 11.0;
			};
			name = Release;
		};
		7672F5022CCA2BAB002B64C2 /* Debug */ = {
			isa = XCBuildConfiguration;
			buildSettings = {
				CODE_SIGN_STYLE = Automatic;
				CURRENT_PROJECT_VERSION = 1;
				DEVELOPMENT_TEAM = 42R8ZPM5N8;
				GENERATE_INFOPLIST_FILE = YES;
				MARKETING_VERSION = 1.0;
				PRODUCT_BUNDLE_IDENTIFIER = "ebowwa.irl-watch-Watch-AppUITests";
				PRODUCT_NAME = "$(TARGET_NAME)";
				SDKROOT = watchos;
				SWIFT_EMIT_LOC_STRINGS = NO;
				SWIFT_VERSION = 5.0;
				TARGETED_DEVICE_FAMILY = 4;
				TEST_TARGET_NAME = "irl-watch Watch App";
				WATCHOS_DEPLOYMENT_TARGET = 11.0;
			};
			name = Debug;
		};
		7672F5032CCA2BAB002B64C2 /* Release */ = {
			isa = XCBuildConfiguration;
			buildSettings = {
				CODE_SIGN_STYLE = Automatic;
				CURRENT_PROJECT_VERSION = 1;
				DEVELOPMENT_TEAM = 42R8ZPM5N8;
				GENERATE_INFOPLIST_FILE = YES;
				MARKETING_VERSION = 1.0;
				PRODUCT_BUNDLE_IDENTIFIER = "ebowwa.irl-watch-Watch-AppUITests";
				PRODUCT_NAME = "$(TARGET_NAME)";
				SDKROOT = watchos;
				SWIFT_EMIT_LOC_STRINGS = NO;
				SWIFT_VERSION = 5.0;
				TARGETED_DEVICE_FAMILY = 4;
				TEST_TARGET_NAME = "irl-watch Watch App";
				VALIDATE_PRODUCT = YES;
				WATCHOS_DEPLOYMENT_TARGET = 11.0;
			};
			name = Release;
		};
/* End XCBuildConfiguration section */

/* Begin XCConfigurationList section */
		7672F4D22CCA2BA9002B64C2 /* Build configuration list for PBXProject "irl-watch" */ = {
			isa = XCConfigurationList;
			buildConfigurations = (
				7672F4F92CCA2BAB002B64C2 /* Debug */,
				7672F4FA2CCA2BAB002B64C2 /* Release */,
			);
			defaultConfigurationIsVisible = 0;
			defaultConfigurationName = Release;
		};
		7672F4FB2CCA2BAB002B64C2 /* Build configuration list for PBXNativeTarget "irl-watch Watch App" */ = {
			isa = XCConfigurationList;
			buildConfigurations = (
				7672F4FC2CCA2BAB002B64C2 /* Debug */,
				7672F4FD2CCA2BAB002B64C2 /* Release */,
			);
			defaultConfigurationIsVisible = 0;
			defaultConfigurationName = Release;
		};
		7672F4FE2CCA2BAB002B64C2 /* Build configuration list for PBXNativeTarget "irl-watch Watch AppTests" */ = {
			isa = XCConfigurationList;
			buildConfigurations = (
				7672F4FF2CCA2BAB002B64C2 /* Debug */,
				7672F5002CCA2BAB002B64C2 /* Release */,
			);
			defaultConfigurationIsVisible = 0;
			defaultConfigurationName = Release;
		};
		7672F5012CCA2BAB002B64C2 /* Build configuration list for PBXNativeTarget "irl-watch Watch AppUITests" */ = {
			isa = XCConfigurationList;
			buildConfigurations = (
				7672F5022CCA2BAB002B64C2 /* Debug */,
				7672F5032CCA2BAB002B64C2 /* Release */,
			);
			defaultConfigurationIsVisible = 0;
			defaultConfigurationName = Release;
		};
/* End XCConfigurationList section */
	};
	rootObject = 7672F4CF2CCA2BA9002B64C2 /* Project object */;
}
