// !$*UTF8*$!
{
	archiveVersion = 1;
	classes = {
	};
	objectVersion = 77;
	objects = {

/* Begin PBXBuildFile section */
		764858F72CC702E20067CB1B /* openaudiostandard.framework in Frameworks */ = {isa = PBXBuildFile; fileRef = 764858EC2CC702E20067CB1B /* openaudiostandard.framework */; };
		7672F4172CC9BFFC002B64C2 /* AProtocols.swift in Sources */ = {isa = PBXBuildFile; fileRef = 7672F40F2CC9BFFC002B64C2 /* AProtocols.swift */; };
		7672F4182CC9BFFC002B64C2 /* AFiles.swift in Sources */ = {isa = PBXBuildFile; fileRef = 7672F40D2CC9BFFC002B64C2 /* AFiles.swift */; };
		7672F4192CC9BFFC002B64C2 /* SpeechRecognition.swift in Sources */ = {isa = PBXBuildFile; fileRef = 7672F4152CC9BFFC002B64C2 /* SpeechRecognition.swift */; };
		7672F41A2CC9BFFC002B64C2 /* ALocation.swift in Sources */ = {isa = PBXBuildFile; fileRef = 7672F40E2CC9BFFC002B64C2 /* ALocation.swift */; };
		7672F41B2CC9BFFC002B64C2 /* AudioPlaybackManager.swift in Sources */ = {isa = PBXBuildFile; fileRef = 7672F4122CC9BFFC002B64C2 /* AudioPlaybackManager.swift */; };
		7672F41C2CC9BFFC002B64C2 /* SocketManager.swift in Sources */ = {isa = PBXBuildFile; fileRef = 7672F4142CC9BFFC002B64C2 /* SocketManager.swift */; };
		7672F41D2CC9BFFC002B64C2 /* ARecordingModel.swift in Sources */ = {isa = PBXBuildFile; fileRef = 7672F4102CC9BFFC002B64C2 /* ARecordingModel.swift */; };
		7672F41E2CC9BFFC002B64C2 /* AudioState.swift in Sources */ = {isa = PBXBuildFile; fileRef = 7672F4132CC9BFFC002B64C2 /* AudioState.swift */; };
		7672F41F2CC9BFFC002B64C2 /* ASoundMeasurement.swift in Sources */ = {isa = PBXBuildFile; fileRef = 7672F4112CC9BFFC002B64C2 /* ASoundMeasurement.swift */; };
		7672F4202CC9BFFC002B64C2 /* ADeviceManager.swift in Sources */ = {isa = PBXBuildFile; fileRef = 7672F40B2CC9BFFC002B64C2 /* ADeviceManager.swift */; };
		7672F4212CC9BFFC002B64C2 /* AEngine.swift in Sources */ = {isa = PBXBuildFile; fileRef = 7672F40C2CC9BFFC002B64C2 /* AEngine.swift */; };
		7672F4222CC9BFFC002B64C2 /* AConverter.swift in Sources */ = {isa = PBXBuildFile; fileRef = 7672F40A2CC9BFFC002B64C2 /* AConverter.swift */; };
		7672F4272CC9C2DA002B64C2 /* OpenAudioSDK.swift in Sources */ = {isa = PBXBuildFile; fileRef = 7672F4262CC9C2DA002B64C2 /* OpenAudioSDK.swift */; };
/* End PBXBuildFile section */

/* Begin PBXContainerItemProxy section */
		764858F82CC702E20067CB1B /* PBXContainerItemProxy */ = {
			isa = PBXContainerItemProxy;
			containerPortal = 764858E32CC702E20067CB1B /* Project object */;
			proxyType = 1;
			remoteGlobalIDString = 764858EB2CC702E20067CB1B;
			remoteInfo = openaudiostandard;
		};
/* End PBXContainerItemProxy section */

/* Begin PBXFileReference section */
		764858EC2CC702E20067CB1B /* openaudiostandard.framework */ = {isa = PBXFileReference; explicitFileType = wrapper.framework; includeInIndex = 0; path = openaudiostandard.framework; sourceTree = BUILT_PRODUCTS_DIR; };
		764858F62CC702E20067CB1B /* openaudiostandardTests.xctest */ = {isa = PBXFileReference; explicitFileType = wrapper.cfbundle; includeInIndex = 0; path = openaudiostandardTests.xctest; sourceTree = BUILT_PRODUCTS_DIR; };
		7672F40A2CC9BFFC002B64C2 /* AConverter.swift */ = {isa = PBXFileReference; lastKnownFileType = sourcecode.swift; path = AConverter.swift; sourceTree = "<group>"; };
		7672F40B2CC9BFFC002B64C2 /* ADeviceManager.swift */ = {isa = PBXFileReference; lastKnownFileType = sourcecode.swift; path = ADeviceManager.swift; sourceTree = "<group>"; };
		7672F40C2CC9BFFC002B64C2 /* AEngine.swift */ = {isa = PBXFileReference; lastKnownFileType = sourcecode.swift; path = AEngine.swift; sourceTree = "<group>"; };
		7672F40D2CC9BFFC002B64C2 /* AFiles.swift */ = {isa = PBXFileReference; lastKnownFileType = sourcecode.swift; path = AFiles.swift; sourceTree = "<group>"; };
		7672F40E2CC9BFFC002B64C2 /* ALocation.swift */ = {isa = PBXFileReference; lastKnownFileType = sourcecode.swift; path = ALocation.swift; sourceTree = "<group>"; };
		7672F40F2CC9BFFC002B64C2 /* AProtocols.swift */ = {isa = PBXFileReference; lastKnownFileType = sourcecode.swift; path = AProtocols.swift; sourceTree = "<group>"; };
		7672F4102CC9BFFC002B64C2 /* ARecordingModel.swift */ = {isa = PBXFileReference; lastKnownFileType = sourcecode.swift; path = ARecordingModel.swift; sourceTree = "<group>"; };
		7672F4112CC9BFFC002B64C2 /* ASoundMeasurement.swift */ = {isa = PBXFileReference; lastKnownFileType = sourcecode.swift; path = ASoundMeasurement.swift; sourceTree = "<group>"; };
		7672F4122CC9BFFC002B64C2 /* AudioPlaybackManager.swift */ = {isa = PBXFileReference; lastKnownFileType = sourcecode.swift; path = AudioPlaybackManager.swift; sourceTree = "<group>"; };
		7672F4132CC9BFFC002B64C2 /* AudioState.swift */ = {isa = PBXFileReference; lastKnownFileType = sourcecode.swift; path = AudioState.swift; sourceTree = "<group>"; };
		7672F4142CC9BFFC002B64C2 /* SocketManager.swift */ = {isa = PBXFileReference; lastKnownFileType = sourcecode.swift; path = SocketManager.swift; sourceTree = "<group>"; };
		7672F4152CC9BFFC002B64C2 /* SpeechRecognition.swift */ = {isa = PBXFileReference; lastKnownFileType = sourcecode.swift; path = SpeechRecognition.swift; sourceTree = "<group>"; };
		7672F4262CC9C2DA002B64C2 /* OpenAudioSDK.swift */ = {isa = PBXFileReference; lastKnownFileType = sourcecode.swift; path = OpenAudioSDK.swift; sourceTree = "<group>"; };
/* End PBXFileReference section */

/* Begin PBXFileSystemSynchronizedRootGroup section */
		764858FA2CC702E20067CB1B /* openaudiostandardTests */ = {
			isa = PBXFileSystemSynchronizedRootGroup;
			path = openaudiostandardTests;
			sourceTree = "<group>";
		};
/* End PBXFileSystemSynchronizedRootGroup section */

/* Begin PBXFrameworksBuildPhase section */
		764858E92CC702E20067CB1B /* Frameworks */ = {
			isa = PBXFrameworksBuildPhase;
			buildActionMask = 2147483647;
			files = (
			);
			runOnlyForDeploymentPostprocessing = 0;
		};
		764858F32CC702E20067CB1B /* Frameworks */ = {
			isa = PBXFrameworksBuildPhase;
			buildActionMask = 2147483647;
			files = (
				764858F72CC702E20067CB1B /* openaudiostandard.framework in Frameworks */,
			);
			runOnlyForDeploymentPostprocessing = 0;
		};
/* End PBXFrameworksBuildPhase section */

/* Begin PBXGroup section */
		764858E22CC702E20067CB1B = {
			isa = PBXGroup;
			children = (
				764858FA2CC702E20067CB1B /* openaudiostandardTests */,
				764858ED2CC702E20067CB1B /* Products */,
				7672F4162CC9BFFC002B64C2 /* openaudiostandard */,
			);
			sourceTree = "<group>";
		};
		764858ED2CC702E20067CB1B /* Products */ = {
			isa = PBXGroup;
			children = (
				764858EC2CC702E20067CB1B /* openaudiostandard.framework */,
				764858F62CC702E20067CB1B /* openaudiostandardTests.xctest */,
			);
			name = Products;
			sourceTree = "<group>";
		};
		7672F4162CC9BFFC002B64C2 /* openaudiostandard */ = {
			isa = PBXGroup;
			children = (
				7672F4262CC9C2DA002B64C2 /* OpenAudioSDK.swift */,
				7672F4252CC9C0EE002B64C2 /* controls */,
				7672F4242CC9C0D1002B64C2 /* features */,
				7672F4232CC9C0B3002B64C2 /* core */,
			);
			path = openaudiostandard;
			sourceTree = "<group>";
		};
		7672F4232CC9C0B3002B64C2 /* core */ = {
			isa = PBXGroup;
			children = (
				7672F40D2CC9BFFC002B64C2 /* AFiles.swift */,
				7672F40C2CC9BFFC002B64C2 /* AEngine.swift */,
				7672F40B2CC9BFFC002B64C2 /* ADeviceManager.swift */,
				7672F4132CC9BFFC002B64C2 /* AudioState.swift */,
				7672F4142CC9BFFC002B64C2 /* SocketManager.swift */,
				7672F40F2CC9BFFC002B64C2 /* AProtocols.swift */,
				7672F4102CC9BFFC002B64C2 /* ARecordingModel.swift */,
			);
			path = core;
			sourceTree = "<group>";
		};
		7672F4242CC9C0D1002B64C2 /* features */ = {
			isa = PBXGroup;
			children = (
				7672F4112CC9BFFC002B64C2 /* ASoundMeasurement.swift */,
				7672F4152CC9BFFC002B64C2 /* SpeechRecognition.swift */,
				7672F40A2CC9BFFC002B64C2 /* AConverter.swift */,
				7672F40E2CC9BFFC002B64C2 /* ALocation.swift */,
			);
			path = features;
			sourceTree = "<group>";
		};
		7672F4252CC9C0EE002B64C2 /* controls */ = {
			isa = PBXGroup;
			children = (
				7672F4122CC9BFFC002B64C2 /* AudioPlaybackManager.swift */,
			);
			path = controls;
			sourceTree = "<group>";
		};
/* End PBXGroup section */

/* Begin PBXHeadersBuildPhase section */
		764858E72CC702E20067CB1B /* Headers */ = {
			isa = PBXHeadersBuildPhase;
			buildActionMask = 2147483647;
			files = (
			);
			runOnlyForDeploymentPostprocessing = 0;
		};
/* End PBXHeadersBuildPhase section */

/* Begin PBXNativeTarget section */
		764858EB2CC702E20067CB1B /* openaudiostandard */ = {
			isa = PBXNativeTarget;
			buildConfigurationList = 764858FF2CC702E20067CB1B /* Build configuration list for PBXNativeTarget "openaudiostandard" */;
			buildPhases = (
				764858E72CC702E20067CB1B /* Headers */,
				764858E82CC702E20067CB1B /* Sources */,
				764858E92CC702E20067CB1B /* Frameworks */,
				764858EA2CC702E20067CB1B /* Resources */,
			);
			buildRules = (
			);
			dependencies = (
			);
			name = openaudiostandard;
			packageProductDependencies = (
			);
			productName = openaudiostandard;
			productReference = 764858EC2CC702E20067CB1B /* openaudiostandard.framework */;
			productType = "com.apple.product-type.framework";
		};
		764858F52CC702E20067CB1B /* openaudiostandardTests */ = {
			isa = PBXNativeTarget;
			buildConfigurationList = 764859042CC702E20067CB1B /* Build configuration list for PBXNativeTarget "openaudiostandardTests" */;
			buildPhases = (
				764858F22CC702E20067CB1B /* Sources */,
				764858F32CC702E20067CB1B /* Frameworks */,
				764858F42CC702E20067CB1B /* Resources */,
			);
			buildRules = (
			);
			dependencies = (
				764858F92CC702E20067CB1B /* PBXTargetDependency */,
			);
			fileSystemSynchronizedGroups = (
				764858FA2CC702E20067CB1B /* openaudiostandardTests */,
			);
			name = openaudiostandardTests;
			packageProductDependencies = (
			);
			productName = openaudiostandardTests;
			productReference = 764858F62CC702E20067CB1B /* openaudiostandardTests.xctest */;
			productType = "com.apple.product-type.bundle.unit-test";
		};
/* End PBXNativeTarget section */

/* Begin PBXProject section */
		764858E32CC702E20067CB1B /* Project object */ = {
			isa = PBXProject;
			attributes = {
				BuildIndependentTargetsInParallel = 1;
				LastSwiftUpdateCheck = 1600;
				LastUpgradeCheck = 1600;
				TargetAttributes = {
					764858EB2CC702E20067CB1B = {
						CreatedOnToolsVersion = 16.0;
						LastSwiftMigration = 1600;
					};
					764858F52CC702E20067CB1B = {
						CreatedOnToolsVersion = 16.0;
					};
				};
			};
			buildConfigurationList = 764858E62CC702E20067CB1B /* Build configuration list for PBXProject "openaudiostandard" */;
			developmentRegion = en;
			hasScannedForEncodings = 0;
			knownRegions = (
				en,
				Base,
			);
			mainGroup = 764858E22CC702E20067CB1B;
			minimizedProjectReferenceProxies = 1;
			preferredProjectObjectVersion = 77;
			productRefGroup = 764858ED2CC702E20067CB1B /* Products */;
			projectDirPath = "";
			projectRoot = "";
			targets = (
				764858EB2CC702E20067CB1B /* openaudiostandard */,
				764858F52CC702E20067CB1B /* openaudiostandardTests */,
			);
		};
/* End PBXProject section */

/* Begin PBXResourcesBuildPhase section */
		764858EA2CC702E20067CB1B /* Resources */ = {
			isa = PBXResourcesBuildPhase;
			buildActionMask = 2147483647;
			files = (
			);
			runOnlyForDeploymentPostprocessing = 0;
		};
		764858F42CC702E20067CB1B /* Resources */ = {
			isa = PBXResourcesBuildPhase;
			buildActionMask = 2147483647;
			files = (
			);
			runOnlyForDeploymentPostprocessing = 0;
		};
/* End PBXResourcesBuildPhase section */

/* Begin PBXSourcesBuildPhase section */
		764858E82CC702E20067CB1B /* Sources */ = {
			isa = PBXSourcesBuildPhase;
			buildActionMask = 2147483647;
			files = (
				7672F4172CC9BFFC002B64C2 /* AProtocols.swift in Sources */,
				7672F4182CC9BFFC002B64C2 /* AFiles.swift in Sources */,
				7672F4192CC9BFFC002B64C2 /* SpeechRecognition.swift in Sources */,
				7672F41A2CC9BFFC002B64C2 /* ALocation.swift in Sources */,
				7672F41B2CC9BFFC002B64C2 /* AudioPlaybackManager.swift in Sources */,
				7672F41C2CC9BFFC002B64C2 /* SocketManager.swift in Sources */,
				7672F41D2CC9BFFC002B64C2 /* ARecordingModel.swift in Sources */,
				7672F41E2CC9BFFC002B64C2 /* AudioState.swift in Sources */,
				7672F41F2CC9BFFC002B64C2 /* ASoundMeasurement.swift in Sources */,
				7672F4272CC9C2DA002B64C2 /* OpenAudioSDK.swift in Sources */,
				7672F4202CC9BFFC002B64C2 /* ADeviceManager.swift in Sources */,
				7672F4212CC9BFFC002B64C2 /* AEngine.swift in Sources */,
				7672F4222CC9BFFC002B64C2 /* AConverter.swift in Sources */,
			);
			runOnlyForDeploymentPostprocessing = 0;
		};
		764858F22CC702E20067CB1B /* Sources */ = {
			isa = PBXSourcesBuildPhase;
			buildActionMask = 2147483647;
			files = (
			);
			runOnlyForDeploymentPostprocessing = 0;
		};
/* End PBXSourcesBuildPhase section */

/* Begin PBXTargetDependency section */
		764858F92CC702E20067CB1B /* PBXTargetDependency */ = {
			isa = PBXTargetDependency;
			target = 764858EB2CC702E20067CB1B /* openaudiostandard */;
			targetProxy = 764858F82CC702E20067CB1B /* PBXContainerItemProxy */;
		};
/* End PBXTargetDependency section */

/* Begin XCBuildConfiguration section */
		764859002CC702E20067CB1B /* Debug */ = {
			isa = XCBuildConfiguration;
			buildSettings = {
				BUILD_LIBRARY_FOR_DISTRIBUTION = YES;
				CLANG_ENABLE_MODULES = YES;
				CODE_SIGN_STYLE = Automatic;
				CURRENT_PROJECT_VERSION = 1;
				DEFINES_MODULE = YES;
				DEVELOPMENT_TEAM = 42R8ZPM5N8;
				DYLIB_COMPATIBILITY_VERSION = 1;
				DYLIB_CURRENT_VERSION = 1;
				DYLIB_INSTALL_NAME_BASE = "@rpath";
				ENABLE_MODULE_VERIFIER = YES;
				GENERATE_INFOPLIST_FILE = YES;
				INFOPLIST_KEY_NSHumanReadableCopyright = "";
				INSTALL_PATH = "$(LOCAL_LIBRARY_DIR)/Frameworks";
				LD_RUNPATH_SEARCH_PATHS = (
					"$(inherited)",
					"@executable_path/Frameworks",
					"@loader_path/Frameworks",
				);
				MARKETING_VERSION = 1.0;
				MODULE_VERIFIER_SUPPORTED_LANGUAGES = "objective-c objective-c++";
				MODULE_VERIFIER_SUPPORTED_LANGUAGE_STANDARDS = "gnu17 gnu++20";
				PRODUCT_BUNDLE_IDENTIFIER = ebowwa.openaudiostandard;
				PRODUCT_NAME = "$(TARGET_NAME:c99extidentifier)";
				SKIP_INSTALL = YES;
				SWIFT_EMIT_LOC_STRINGS = YES;
				SWIFT_INSTALL_OBJC_HEADER = NO;
				SWIFT_OPTIMIZATION_LEVEL = "-Onone";
				SWIFT_VERSION = 5.0;
				TARGETED_DEVICE_FAMILY = "1,2";
			};
			name = Debug;
		};
		764859012CC702E20067CB1B /* Release */ = {
			isa = XCBuildConfiguration;
			buildSettings = {
				BUILD_LIBRARY_FOR_DISTRIBUTION = YES;
				CLANG_ENABLE_MODULES = YES;
				CODE_SIGN_STYLE = Automatic;
				CURRENT_PROJECT_VERSION = 1;
				DEFINES_MODULE = YES;
				DEVELOPMENT_TEAM = 42R8ZPM5N8;
				DYLIB_COMPATIBILITY_VERSION = 1;
				DYLIB_CURRENT_VERSION = 1;
				DYLIB_INSTALL_NAME_BASE = "@rpath";
				ENABLE_MODULE_VERIFIER = YES;
				GENERATE_INFOPLIST_FILE = YES;
				INFOPLIST_KEY_NSHumanReadableCopyright = "";
				INSTALL_PATH = "$(LOCAL_LIBRARY_DIR)/Frameworks";
				LD_RUNPATH_SEARCH_PATHS = (
					"$(inherited)",
					"@executable_path/Frameworks",
					"@loader_path/Frameworks",
				);
				MARKETING_VERSION = 1.0;
				MODULE_VERIFIER_SUPPORTED_LANGUAGES = "objective-c objective-c++";
				MODULE_VERIFIER_SUPPORTED_LANGUAGE_STANDARDS = "gnu17 gnu++20";
				PRODUCT_BUNDLE_IDENTIFIER = ebowwa.openaudiostandard;
				PRODUCT_NAME = "$(TARGET_NAME:c99extidentifier)";
				SKIP_INSTALL = YES;
				SWIFT_EMIT_LOC_STRINGS = YES;
				SWIFT_INSTALL_OBJC_HEADER = NO;
				SWIFT_VERSION = 5.0;
				TARGETED_DEVICE_FAMILY = "1,2";
			};
			name = Release;
		};
		764859022CC702E20067CB1B /* Debug */ = {
			isa = XCBuildConfiguration;
			buildSettings = {
				ALWAYS_SEARCH_USER_PATHS = NO;
				ASSETCATALOG_COMPILER_GENERATE_SWIFT_ASSET_SYMBOL_EXTENSIONS = YES;
				CLANG_ANALYZER_NONNULL = YES;
				CLANG_ANALYZER_NUMBER_OBJECT_CONVERSION = YES_AGGRESSIVE;
				CLANG_CXX_LANGUAGE_STANDARD = "gnu++20";
				CLANG_ENABLE_MODULES = YES;
				CLANG_ENABLE_OBJC_ARC = YES;
				CLANG_ENABLE_OBJC_WEAK = YES;
				CLANG_WARN_BLOCK_CAPTURE_AUTORELEASING = YES;
				CLANG_WARN_BOOL_CONVERSION = YES;
				CLANG_WARN_COMMA = YES;
				CLANG_WARN_CONSTANT_CONVERSION = YES;
				CLANG_WARN_DEPRECATED_OBJC_IMPLEMENTATIONS = YES;
				CLANG_WARN_DIRECT_OBJC_ISA_USAGE = YES_ERROR;
				CLANG_WARN_DOCUMENTATION_COMMENTS = YES;
				CLANG_WARN_EMPTY_BODY = YES;
				CLANG_WARN_ENUM_CONVERSION = YES;
				CLANG_WARN_INFINITE_RECURSION = YES;
				CLANG_WARN_INT_CONVERSION = YES;
				CLANG_WARN_NON_LITERAL_NULL_CONVERSION = YES;
				CLANG_WARN_OBJC_IMPLICIT_RETAIN_SELF = YES;
				CLANG_WARN_OBJC_LITERAL_CONVERSION = YES;
				CLANG_WARN_OBJC_ROOT_CLASS = YES_ERROR;
				CLANG_WARN_QUOTED_INCLUDE_IN_FRAMEWORK_HEADER = YES;
				CLANG_WARN_RANGE_LOOP_ANALYSIS = YES;
				CLANG_WARN_STRICT_PROTOTYPES = YES;
				CLANG_WARN_SUSPICIOUS_MOVE = YES;
				CLANG_WARN_UNGUARDED_AVAILABILITY = YES_AGGRESSIVE;
				CLANG_WARN_UNREACHABLE_CODE = YES;
				CLANG_WARN__DUPLICATE_METHOD_MATCH = YES;
				COPY_PHASE_STRIP = NO;
				CURRENT_PROJECT_VERSION = 1;
				DEBUG_INFORMATION_FORMAT = dwarf;
				ENABLE_STRICT_OBJC_MSGSEND = YES;
				ENABLE_TESTABILITY = YES;
				ENABLE_USER_SCRIPT_SANDBOXING = YES;
				GCC_C_LANGUAGE_STANDARD = gnu17;
				GCC_DYNAMIC_NO_PIC = NO;
				GCC_NO_COMMON_BLOCKS = YES;
				GCC_OPTIMIZATION_LEVEL = 0;
				GCC_PREPROCESSOR_DEFINITIONS = (
					"DEBUG=1",
					"$(inherited)",
				);
				GCC_WARN_64_TO_32_BIT_CONVERSION = YES;
				GCC_WARN_ABOUT_RETURN_TYPE = YES_ERROR;
				GCC_WARN_UNDECLARED_SELECTOR = YES;
				GCC_WARN_UNINITIALIZED_AUTOS = YES_AGGRESSIVE;
				GCC_WARN_UNUSED_FUNCTION = YES;
				GCC_WARN_UNUSED_VARIABLE = YES;
				IPHONEOS_DEPLOYMENT_TARGET = 18.0;
				LOCALIZATION_PREFERS_STRING_CATALOGS = YES;
				MTL_ENABLE_DEBUG_INFO = INCLUDE_SOURCE;
				MTL_FAST_MATH = YES;
				ONLY_ACTIVE_ARCH = YES;
				SDKROOT = iphoneos;
				SWIFT_ACTIVE_COMPILATION_CONDITIONS = "DEBUG $(inherited)";
				SWIFT_OPTIMIZATION_LEVEL = "-Onone";
				VERSIONING_SYSTEM = "apple-generic";
				VERSION_INFO_PREFIX = "";
			};
			name = Debug;
		};
		764859032CC702E20067CB1B /* Release */ = {
			isa = XCBuildConfiguration;
			buildSettings = {
				ALWAYS_SEARCH_USER_PATHS = NO;
				ASSETCATALOG_COMPILER_GENERATE_SWIFT_ASSET_SYMBOL_EXTENSIONS = YES;
				CLANG_ANALYZER_NONNULL = YES;
				CLANG_ANALYZER_NUMBER_OBJECT_CONVERSION = YES_AGGRESSIVE;
				CLANG_CXX_LANGUAGE_STANDARD = "gnu++20";
				CLANG_ENABLE_MODULES = YES;
				CLANG_ENABLE_OBJC_ARC = YES;
				CLANG_ENABLE_OBJC_WEAK = YES;
				CLANG_WARN_BLOCK_CAPTURE_AUTORELEASING = YES;
				CLANG_WARN_BOOL_CONVERSION = YES;
				CLANG_WARN_COMMA = YES;
				CLANG_WARN_CONSTANT_CONVERSION = YES;
				CLANG_WARN_DEPRECATED_OBJC_IMPLEMENTATIONS = YES;
				CLANG_WARN_DIRECT_OBJC_ISA_USAGE = YES_ERROR;
				CLANG_WARN_DOCUMENTATION_COMMENTS = YES;
				CLANG_WARN_EMPTY_BODY = YES;
				CLANG_WARN_ENUM_CONVERSION = YES;
				CLANG_WARN_INFINITE_RECURSION = YES;
				CLANG_WARN_INT_CONVERSION = YES;
				CLANG_WARN_NON_LITERAL_NULL_CONVERSION = YES;
				CLANG_WARN_OBJC_IMPLICIT_RETAIN_SELF = YES;
				CLANG_WARN_OBJC_LITERAL_CONVERSION = YES;
				CLANG_WARN_OBJC_ROOT_CLASS = YES_ERROR;
				CLANG_WARN_QUOTED_INCLUDE_IN_FRAMEWORK_HEADER = YES;
				CLANG_WARN_RANGE_LOOP_ANALYSIS = YES;
				CLANG_WARN_STRICT_PROTOTYPES = YES;
				CLANG_WARN_SUSPICIOUS_MOVE = YES;
				CLANG_WARN_UNGUARDED_AVAILABILITY = YES_AGGRESSIVE;
				CLANG_WARN_UNREACHABLE_CODE = YES;
				CLANG_WARN__DUPLICATE_METHOD_MATCH = YES;
				COPY_PHASE_STRIP = NO;
				CURRENT_PROJECT_VERSION = 1;
				DEBUG_INFORMATION_FORMAT = "dwarf-with-dsym";
				ENABLE_NS_ASSERTIONS = NO;
				ENABLE_STRICT_OBJC_MSGSEND = YES;
				ENABLE_USER_SCRIPT_SANDBOXING = YES;
				GCC_C_LANGUAGE_STANDARD = gnu17;
				GCC_NO_COMMON_BLOCKS = YES;
				GCC_WARN_64_TO_32_BIT_CONVERSION = YES;
				GCC_WARN_ABOUT_RETURN_TYPE = YES_ERROR;
				GCC_WARN_UNDECLARED_SELECTOR = YES;
				GCC_WARN_UNINITIALIZED_AUTOS = YES_AGGRESSIVE;
				GCC_WARN_UNUSED_FUNCTION = YES;
				GCC_WARN_UNUSED_VARIABLE = YES;
				IPHONEOS_DEPLOYMENT_TARGET = 18.0;
				LOCALIZATION_PREFERS_STRING_CATALOGS = YES;
				MTL_ENABLE_DEBUG_INFO = NO;
				MTL_FAST_MATH = YES;
				SDKROOT = iphoneos;
				SWIFT_COMPILATION_MODE = wholemodule;
				VALIDATE_PRODUCT = YES;
				VERSIONING_SYSTEM = "apple-generic";
				VERSION_INFO_PREFIX = "";
			};
			name = Release;
		};
		764859052CC702E20067CB1B /* Debug */ = {
			isa = XCBuildConfiguration;
			buildSettings = {
				CODE_SIGN_STYLE = Automatic;
				CURRENT_PROJECT_VERSION = 1;
				DEVELOPMENT_TEAM = 42R8ZPM5N8;
				GENERATE_INFOPLIST_FILE = YES;
				MARKETING_VERSION = 1.0;
				PRODUCT_BUNDLE_IDENTIFIER = ebowwa.openaudiostandardTests;
				PRODUCT_NAME = "$(TARGET_NAME)";
				SWIFT_EMIT_LOC_STRINGS = NO;
				SWIFT_VERSION = 5.0;
				TARGETED_DEVICE_FAMILY = "1,2";
			};
			name = Debug;
		};
		764859062CC702E20067CB1B /* Release */ = {
			isa = XCBuildConfiguration;
			buildSettings = {
				CODE_SIGN_STYLE = Automatic;
				CURRENT_PROJECT_VERSION = 1;
				DEVELOPMENT_TEAM = 42R8ZPM5N8;
				GENERATE_INFOPLIST_FILE = YES;
				MARKETING_VERSION = 1.0;
				PRODUCT_BUNDLE_IDENTIFIER = ebowwa.openaudiostandardTests;
				PRODUCT_NAME = "$(TARGET_NAME)";
				SWIFT_EMIT_LOC_STRINGS = NO;
				SWIFT_VERSION = 5.0;
				TARGETED_DEVICE_FAMILY = "1,2";
			};
			name = Release;
		};
/* End XCBuildConfiguration section */

/* Begin XCConfigurationList section */
		764858E62CC702E20067CB1B /* Build configuration list for PBXProject "openaudiostandard" */ = {
			isa = XCConfigurationList;
			buildConfigurations = (
				764859022CC702E20067CB1B /* Debug */,
				764859032CC702E20067CB1B /* Release */,
			);
			defaultConfigurationIsVisible = 0;
			defaultConfigurationName = Release;
		};
		764858FF2CC702E20067CB1B /* Build configuration list for PBXNativeTarget "openaudiostandard" */ = {
			isa = XCConfigurationList;
			buildConfigurations = (
				764859002CC702E20067CB1B /* Debug */,
				764859012CC702E20067CB1B /* Release */,
			);
			defaultConfigurationIsVisible = 0;
			defaultConfigurationName = Release;
		};
		764859042CC702E20067CB1B /* Build configuration list for PBXNativeTarget "openaudiostandardTests" */ = {
			isa = XCConfigurationList;
			buildConfigurations = (
				764859052CC702E20067CB1B /* Debug */,
				764859062CC702E20067CB1B /* Release */,
			);
			defaultConfigurationIsVisible = 0;
			defaultConfigurationName = Release;
		};
/* End XCConfigurationList section */
	};
	rootObject = 764858E32CC702E20067CB1B /* Project object */;
}
