// !$*UTF8*$!
{
	archiveVersion = 1;
	classes = {
	};
	objectVersion = 77;
	objects = {

/* Begin PBXBuildFile section */
		761C82862CD0631800B91398 /* GoogleSignIn in Frameworks */ = {isa = PBXBuildFile; productRef = 761C82852CD0631800B91398 /* GoogleSignIn */; };
		761C82882CD0631800B91398 /* GoogleSignInSwift in Frameworks */ = {isa = PBXBuildFile; productRef = 761C82872CD0631800B91398 /* GoogleSignInSwift */; };
		761C828B2CD1670A00B91398 /* ReSwift in Frameworks */ = {isa = PBXBuildFile; productRef = 761C828A2CD1670A00B91398 /* ReSwift */; };
		7642150E2CCD8CA500424E73 /* ZIPFoundation in Frameworks */ = {isa = PBXBuildFile; productRef = 7642150D2CCD8CA500424E73 /* ZIPFoundation */; };
		769EA2EF2CDC05A90015412E /* SwiftyJSON in Frameworks */ = {isa = PBXBuildFile; productRef = 769EA2EE2CDC05A90015412E /* SwiftyJSON */; };
/* End PBXBuildFile section */

/* Begin PBXContainerItemProxy section */
		764214CE2CCD8B1100424E73 /* PBXContainerItemProxy */ = {
			isa = PBXContainerItemProxy;
			containerPortal = 764214B42CCD8B0F00424E73 /* Project object */;
			proxyType = 1;
			remoteGlobalIDString = 764214BB2CCD8B0F00424E73;
			remoteInfo = irlapp;
		};
		764214D82CCD8B1100424E73 /* PBXContainerItemProxy */ = {
			isa = PBXContainerItemProxy;
			containerPortal = 764214B42CCD8B0F00424E73 /* Project object */;
			proxyType = 1;
			remoteGlobalIDString = 764214BB2CCD8B0F00424E73;
			remoteInfo = irlapp;
		};
/* End PBXContainerItemProxy section */

/* Begin PBXFileReference section */
		764214BC2CCD8B0F00424E73 /*  CaringMind.app */ = {isa = PBXFileReference; explicitFileType = wrapper.application; includeInIndex = 0; path = " CaringMind.app"; sourceTree = BUILT_PRODUCTS_DIR; };
		764214CD2CCD8B1100424E73 /*  CaringMindTests.xctest */ = {isa = PBXFileReference; explicitFileType = wrapper.cfbundle; includeInIndex = 0; path = " CaringMindTests.xctest"; sourceTree = BUILT_PRODUCTS_DIR; };
		764214D72CCD8B1100424E73 /*  CaringMindUITests.xctest */ = {isa = PBXFileReference; explicitFileType = wrapper.cfbundle; includeInIndex = 0; path = " CaringMindUITests.xctest"; sourceTree = BUILT_PRODUCTS_DIR; };
/* End PBXFileReference section */

/* Begin PBXFileSystemSynchronizedBuildFileExceptionSet section */
		764215772CCDA69F00424E73 /* Exceptions for "irlapp" folder in " CaringMind" target */ = {
			isa = PBXFileSystemSynchronizedBuildFileExceptionSet;
			membershipExceptions = (
				"FZZuH9cnPk-ZfICAvVuWr_image Background Removed.png",
				Info.plist,
			);
			target = 764214BB2CCD8B0F00424E73 /*  CaringMind */;
		};
/* End PBXFileSystemSynchronizedBuildFileExceptionSet section */

/* Begin PBXFileSystemSynchronizedGroupBuildPhaseMembershipExceptionSet section */
		767D586A2CDC2CF60038695B /* Exceptions for "irlapp" folder in "Copy Bundle Resources" phase from " CaringMind" target */ = {
			isa = PBXFileSystemSynchronizedGroupBuildPhaseMembershipExceptionSet;
			buildPhase = 764214BA2CCD8B0F00424E73 /* Resources */;
			membershipExceptions = (
				irlapp.entitlements,
			);
		};
/* End PBXFileSystemSynchronizedGroupBuildPhaseMembershipExceptionSet section */

/* Begin PBXFileSystemSynchronizedRootGroup section */
		764214BE2CCD8B0F00424E73 /* irlapp */ = {
			isa = PBXFileSystemSynchronizedRootGroup;
			exceptions = (
				764215772CCDA69F00424E73 /* Exceptions for "irlapp" folder in " CaringMind" target */,
				767D586A2CDC2CF60038695B /* Exceptions for "irlapp" folder in "Copy Bundle Resources" phase from " CaringMind" target */,
			);
			path = irlapp;
			sourceTree = "<group>";
		};
/* End PBXFileSystemSynchronizedRootGroup section */

/* Begin PBXFrameworksBuildPhase section */
		764214B92CCD8B0F00424E73 /* Frameworks */ = {
			isa = PBXFrameworksBuildPhase;
			buildActionMask = 2147483647;
			files = (
				761C828B2CD1670A00B91398 /* ReSwift in Frameworks */,
				761C82882CD0631800B91398 /* GoogleSignInSwift in Frameworks */,
				7642150E2CCD8CA500424E73 /* ZIPFoundation in Frameworks */,
				769EA2EF2CDC05A90015412E /* SwiftyJSON in Frameworks */,
				761C82862CD0631800B91398 /* GoogleSignIn in Frameworks */,
			);
			runOnlyForDeploymentPostprocessing = 0;
		};
		764214CA2CCD8B1100424E73 /* Frameworks */ = {
			isa = PBXFrameworksBuildPhase;
			buildActionMask = 2147483647;
			files = (
			);
			runOnlyForDeploymentPostprocessing = 0;
		};
		764214D42CCD8B1100424E73 /* Frameworks */ = {
			isa = PBXFrameworksBuildPhase;
			buildActionMask = 2147483647;
			files = (
			);
			runOnlyForDeploymentPostprocessing = 0;
		};
/* End PBXFrameworksBuildPhase section */

/* Begin PBXGroup section */
		764214B32CCD8B0F00424E73 = {
			isa = PBXGroup;
			children = (
				764214BD2CCD8B0F00424E73 /* Products */,
				764214BE2CCD8B0F00424E73 /* irlapp */,
			);
			sourceTree = "<group>";
		};
		764214BD2CCD8B0F00424E73 /* Products */ = {
			isa = PBXGroup;
			children = (
				764214BC2CCD8B0F00424E73 /*  CaringMind.app */,
				764214CD2CCD8B1100424E73 /*  CaringMindTests.xctest */,
				764214D72CCD8B1100424E73 /*  CaringMindUITests.xctest */,
			);
			name = Products;
			sourceTree = "<group>";
		};
/* End PBXGroup section */

/* Begin PBXNativeTarget section */
		764214BB2CCD8B0F00424E73 /*  CaringMind */ = {
			isa = PBXNativeTarget;
			buildConfigurationList = 764214E12CCD8B1100424E73 /* Build configuration list for PBXNativeTarget " CaringMind" */;
			buildPhases = (
				764214B82CCD8B0F00424E73 /* Sources */,
				764214B92CCD8B0F00424E73 /* Frameworks */,
				764214BA2CCD8B0F00424E73 /* Resources */,
			);
			buildRules = (
			);
			dependencies = (
			);
			fileSystemSynchronizedGroups = (
				764214BE2CCD8B0F00424E73 /* irlapp */,
			);
			name = " CaringMind";
			packageProductDependencies = (
				7642150D2CCD8CA500424E73 /* ZIPFoundation */,
				761C82852CD0631800B91398 /* GoogleSignIn */,
				761C82872CD0631800B91398 /* GoogleSignInSwift */,
				761C828A2CD1670A00B91398 /* ReSwift */,
				769EA2EE2CDC05A90015412E /* SwiftyJSON */,
			);
			productName = irlapp;
			productReference = 764214BC2CCD8B0F00424E73 /*  CaringMind.app */;
			productType = "com.apple.product-type.application";
		};
		764214CC2CCD8B1100424E73 /*  CaringMindTests */ = {
			isa = PBXNativeTarget;
			buildConfigurationList = 764214E42CCD8B1100424E73 /* Build configuration list for PBXNativeTarget " CaringMindTests" */;
			buildPhases = (
				AF90D9FE650B30B01F7D29DC /* [CP] Check Pods Manifest.lock */,
				764214C92CCD8B1100424E73 /* Sources */,
				764214CA2CCD8B1100424E73 /* Frameworks */,
				764214CB2CCD8B1100424E73 /* Resources */,
			);
			buildRules = (
			);
			dependencies = (
				764214CF2CCD8B1100424E73 /* PBXTargetDependency */,
			);
			name = " CaringMindTests";
			productName = irlappTests;
			productReference = 764214CD2CCD8B1100424E73 /*  CaringMindTests.xctest */;
			productType = "com.apple.product-type.bundle.unit-test";
		};
		764214D62CCD8B1100424E73 /*  CaringMindUITests */ = {
			isa = PBXNativeTarget;
			buildConfigurationList = 764214E72CCD8B1100424E73 /* Build configuration list for PBXNativeTarget " CaringMindUITests" */;
			buildPhases = (
				4C0B4A3675294BFE313E3F92 /* [CP] Check Pods Manifest.lock */,
				764214D32CCD8B1100424E73 /* Sources */,
				764214D42CCD8B1100424E73 /* Frameworks */,
				764214D52CCD8B1100424E73 /* Resources */,
			);
			buildRules = (
			);
			dependencies = (
				764214D92CCD8B1100424E73 /* PBXTargetDependency */,
			);
			name = " CaringMindUITests";
			productName = irlappUITests;
			productReference = 764214D72CCD8B1100424E73 /*  CaringMindUITests.xctest */;
			productType = "com.apple.product-type.bundle.ui-testing";
		};
/* End PBXNativeTarget section */

/* Begin PBXProject section */
		764214B42CCD8B0F00424E73 /* Project object */ = {
			isa = PBXProject;
			attributes = {
				BuildIndependentTargetsInParallel = 1;
				LastSwiftUpdateCheck = 1600;
				LastUpgradeCheck = 1610;
				TargetAttributes = {
					764214BB2CCD8B0F00424E73 = {
						CreatedOnToolsVersion = 16.0;
					};
					764214CC2CCD8B1100424E73 = {
						CreatedOnToolsVersion = 16.0;
						LastSwiftMigration = 1610;
						TestTargetID = 764214BB2CCD8B0F00424E73;
					};
					764214D62CCD8B1100424E73 = {
						CreatedOnToolsVersion = 16.0;
						TestTargetID = 764214BB2CCD8B0F00424E73;
					};
				};
			};
			buildConfigurationList = 764214B72CCD8B0F00424E73 /* Build configuration list for PBXProject " CaringMind" */;
			developmentRegion = en;
			hasScannedForEncodings = 0;
			knownRegions = (
				en,
				Base,
			);
			mainGroup = 764214B32CCD8B0F00424E73;
			minimizedProjectReferenceProxies = 1;
			packageReferences = (
				7642150C2CCD8CA500424E73 /* XCRemoteSwiftPackageReference "ZIPFoundation" */,
				761C82842CD0631800B91398 /* XCRemoteSwiftPackageReference "GoogleSignIn-iOS" */,
				761C82892CD1670A00B91398 /* XCRemoteSwiftPackageReference "ReSwift" */,
				769EA2ED2CDC05A90015412E /* XCRemoteSwiftPackageReference "SwiftyJSON" */,
			);
			preferredProjectObjectVersion = 77;
			productRefGroup = 764214BD2CCD8B0F00424E73 /* Products */;
			projectDirPath = "";
			projectRoot = "";
			targets = (
				764214BB2CCD8B0F00424E73 /*  CaringMind */,
				764214CC2CCD8B1100424E73 /*  CaringMindTests */,
				764214D62CCD8B1100424E73 /*  CaringMindUITests */,
			);
		};
/* End PBXProject section */

/* Begin PBXResourcesBuildPhase section */
		764214BA2CCD8B0F00424E73 /* Resources */ = {
			isa = PBXResourcesBuildPhase;
			buildActionMask = 2147483647;
			files = (
			);
			runOnlyForDeploymentPostprocessing = 0;
		};
		764214CB2CCD8B1100424E73 /* Resources */ = {
			isa = PBXResourcesBuildPhase;
			buildActionMask = 2147483647;
			files = (
			);
			runOnlyForDeploymentPostprocessing = 0;
		};
		764214D52CCD8B1100424E73 /* Resources */ = {
			isa = PBXResourcesBuildPhase;
			buildActionMask = 2147483647;
			files = (
			);
			runOnlyForDeploymentPostprocessing = 0;
		};
/* End PBXResourcesBuildPhase section */

/* Begin PBXShellScriptBuildPhase section */
		4C0B4A3675294BFE313E3F92 /* [CP] Check Pods Manifest.lock */ = {
			isa = PBXShellScriptBuildPhase;
			buildActionMask = 2147483647;
			files = (
			);
			inputFileListPaths = (
			);
			inputPaths = (
				"${PODS_PODFILE_DIR_PATH}/Podfile.lock",
				"${PODS_ROOT}/Manifest.lock",
			);
			name = "[CP] Check Pods Manifest.lock";
			outputFileListPaths = (
			);
			outputPaths = (
				"$(DERIVED_FILE_DIR)/Pods-irlappUITests-checkManifestLockResult.txt",
			);
			runOnlyForDeploymentPostprocessing = 0;
			shellPath = /bin/sh;
			shellScript = "diff \"${PODS_PODFILE_DIR_PATH}/Podfile.lock\" \"${PODS_ROOT}/Manifest.lock\" > /dev/null\nif [ $? != 0 ] ; then\n    # print error to STDERR\n    echo \"error: The sandbox is not in sync with the Podfile.lock. Run 'pod install' or update your CocoaPods installation.\" >&2\n    exit 1\nfi\n# This output is used by Xcode 'outputs' to avoid re-running this script phase.\necho \"SUCCESS\" > \"${SCRIPT_OUTPUT_FILE_0}\"\n";
			showEnvVarsInLog = 0;
		};
		AF90D9FE650B30B01F7D29DC /* [CP] Check Pods Manifest.lock */ = {
			isa = PBXShellScriptBuildPhase;
			buildActionMask = 2147483647;
			files = (
			);
			inputFileListPaths = (
			);
			inputPaths = (
				"${PODS_PODFILE_DIR_PATH}/Podfile.lock",
				"${PODS_ROOT}/Manifest.lock",
			);
			name = "[CP] Check Pods Manifest.lock";
			outputFileListPaths = (
			);
			outputPaths = (
				"$(DERIVED_FILE_DIR)/Pods-irlappTests-checkManifestLockResult.txt",
			);
			runOnlyForDeploymentPostprocessing = 0;
			shellPath = /bin/sh;
			shellScript = "diff \"${PODS_PODFILE_DIR_PATH}/Podfile.lock\" \"${PODS_ROOT}/Manifest.lock\" > /dev/null\nif [ $? != 0 ] ; then\n    # print error to STDERR\n    echo \"error: The sandbox is not in sync with the Podfile.lock. Run 'pod install' or update your CocoaPods installation.\" >&2\n    exit 1\nfi\n# This output is used by Xcode 'outputs' to avoid re-running this script phase.\necho \"SUCCESS\" > \"${SCRIPT_OUTPUT_FILE_0}\"\n";
			showEnvVarsInLog = 0;
		};
/* End PBXShellScriptBuildPhase section */

/* Begin PBXSourcesBuildPhase section */
		764214B82CCD8B0F00424E73 /* Sources */ = {
			isa = PBXSourcesBuildPhase;
			buildActionMask = 2147483647;
			files = (
			);
			runOnlyForDeploymentPostprocessing = 0;
		};
		764214C92CCD8B1100424E73 /* Sources */ = {
			isa = PBXSourcesBuildPhase;
			buildActionMask = 2147483647;
			files = (
			);
			runOnlyForDeploymentPostprocessing = 0;
		};
		764214D32CCD8B1100424E73 /* Sources */ = {
			isa = PBXSourcesBuildPhase;
			buildActionMask = 2147483647;
			files = (
			);
			runOnlyForDeploymentPostprocessing = 0;
		};
/* End PBXSourcesBuildPhase section */

/* Begin PBXTargetDependency section */
		764214CF2CCD8B1100424E73 /* PBXTargetDependency */ = {
			isa = PBXTargetDependency;
			target = 764214BB2CCD8B0F00424E73 /*  CaringMind */;
			targetProxy = 764214CE2CCD8B1100424E73 /* PBXContainerItemProxy */;
		};
		764214D92CCD8B1100424E73 /* PBXTargetDependency */ = {
			isa = PBXTargetDependency;
			target = 764214BB2CCD8B0F00424E73 /*  CaringMind */;
			targetProxy = 764214D82CCD8B1100424E73 /* PBXContainerItemProxy */;
		};
/* End PBXTargetDependency section */

/* Begin XCBuildConfiguration section */
		764214DF2CCD8B1100424E73 /* Debug */ = {
			isa = XCBuildConfiguration;
			buildSettings = {
				ALWAYS_SEARCH_USER_PATHS = NO;
				ASSETCATALOG_COMPILER_GENERATE_SWIFT_ASSET_SYMBOL_EXTENSIONS = YES;
				CLANG_ANALYZER_NONNULL = YES;
				CLANG_ANALYZER_NUMBER_OBJECT_CONVERSION = YES_AGGRESSIVE;
				CLANG_CXX_LANGUAGE_STANDARD = "gnu++20";
				CLANG_ENABLE_MODULES = YES;
				CLANG_ENABLE_OBJC_ARC = YES;
				CLANG_ENABLE_OBJC_WEAK = YES;
				CLANG_WARN_BLOCK_CAPTURE_AUTORELEASING = YES;
				CLANG_WARN_BOOL_CONVERSION = YES;
				CLANG_WARN_COMMA = YES;
				CLANG_WARN_CONSTANT_CONVERSION = YES;
				CLANG_WARN_DEPRECATED_OBJC_IMPLEMENTATIONS = YES;
				CLANG_WARN_DIRECT_OBJC_ISA_USAGE = YES_ERROR;
				CLANG_WARN_DOCUMENTATION_COMMENTS = YES;
				CLANG_WARN_EMPTY_BODY = YES;
				CLANG_WARN_ENUM_CONVERSION = YES;
				CLANG_WARN_INFINITE_RECURSION = YES;
				CLANG_WARN_INT_CONVERSION = YES;
				CLANG_WARN_NON_LITERAL_NULL_CONVERSION = YES;
				CLANG_WARN_OBJC_IMPLICIT_RETAIN_SELF = YES;
				CLANG_WARN_OBJC_LITERAL_CONVERSION = YES;
				CLANG_WARN_OBJC_ROOT_CLASS = YES_ERROR;
				CLANG_WARN_QUOTED_INCLUDE_IN_FRAMEWORK_HEADER = YES;
				CLANG_WARN_RANGE_LOOP_ANALYSIS = YES;
				CLANG_WARN_STRICT_PROTOTYPES = YES;
				CLANG_WARN_SUSPICIOUS_MOVE = YES;
				CLANG_WARN_UNGUARDED_AVAILABILITY = YES_AGGRESSIVE;
				CLANG_WARN_UNREACHABLE_CODE = YES;
				CLANG_WARN__DUPLICATE_METHOD_MATCH = YES;
				COPY_PHASE_STRIP = NO;
				DEAD_CODE_STRIPPING = YES;
				DEBUG_INFORMATION_FORMAT = dwarf;
				ENABLE_STRICT_OBJC_MSGSEND = YES;
				ENABLE_TESTABILITY = YES;
				ENABLE_USER_SCRIPT_SANDBOXING = YES;
				GCC_C_LANGUAGE_STANDARD = gnu17;
				GCC_DYNAMIC_NO_PIC = NO;
				GCC_NO_COMMON_BLOCKS = YES;
				GCC_OPTIMIZATION_LEVEL = 0;
				GCC_PREPROCESSOR_DEFINITIONS = (
					"DEBUG=1",
					"$(inherited)",
				);
				GCC_WARN_64_TO_32_BIT_CONVERSION = YES;
				GCC_WARN_ABOUT_RETURN_TYPE = YES_ERROR;
				GCC_WARN_UNDECLARED_SELECTOR = YES;
				GCC_WARN_UNINITIALIZED_AUTOS = YES_AGGRESSIVE;
				GCC_WARN_UNUSED_FUNCTION = YES;
				GCC_WARN_UNUSED_VARIABLE = YES;
				LOCALIZATION_PREFERS_STRING_CATALOGS = YES;
				MTL_ENABLE_DEBUG_INFO = INCLUDE_SOURCE;
				MTL_FAST_MATH = YES;
				ONLY_ACTIVE_ARCH = YES;
				SWIFT_ACTIVE_COMPILATION_CONDITIONS = "DEBUG $(inherited)";
				SWIFT_OPTIMIZATION_LEVEL = "-Onone";
			};
			name = Debug;
		};
		764214E02CCD8B1100424E73 /* Release */ = {
			isa = XCBuildConfiguration;
			buildSettings = {
				ALWAYS_SEARCH_USER_PATHS = NO;
				ASSETCATALOG_COMPILER_GENERATE_SWIFT_ASSET_SYMBOL_EXTENSIONS = YES;
				CLANG_ANALYZER_NONNULL = YES;
				CLANG_ANALYZER_NUMBER_OBJECT_CONVERSION = YES_AGGRESSIVE;
				CLANG_CXX_LANGUAGE_STANDARD = "gnu++20";
				CLANG_ENABLE_MODULES = YES;
				CLANG_ENABLE_OBJC_ARC = YES;
				CLANG_ENABLE_OBJC_WEAK = YES;
				CLANG_WARN_BLOCK_CAPTURE_AUTORELEASING = YES;
				CLANG_WARN_BOOL_CONVERSION = YES;
				CLANG_WARN_COMMA = YES;
				CLANG_WARN_CONSTANT_CONVERSION = YES;
				CLANG_WARN_DEPRECATED_OBJC_IMPLEMENTATIONS = YES;
				CLANG_WARN_DIRECT_OBJC_ISA_USAGE = YES_ERROR;
				CLANG_WARN_DOCUMENTATION_COMMENTS = YES;
				CLANG_WARN_EMPTY_BODY = YES;
				CLANG_WARN_ENUM_CONVERSION = YES;
				CLANG_WARN_INFINITE_RECURSION = YES;
				CLANG_WARN_INT_CONVERSION = YES;
				CLANG_WARN_NON_LITERAL_NULL_CONVERSION = YES;
				CLANG_WARN_OBJC_IMPLICIT_RETAIN_SELF = YES;
				CLANG_WARN_OBJC_LITERAL_CONVERSION = YES;
				CLANG_WARN_OBJC_ROOT_CLASS = YES_ERROR;
				CLANG_WARN_QUOTED_INCLUDE_IN_FRAMEWORK_HEADER = YES;
				CLANG_WARN_RANGE_LOOP_ANALYSIS = YES;
				CLANG_WARN_STRICT_PROTOTYPES = YES;
				CLANG_WARN_SUSPICIOUS_MOVE = YES;
				CLANG_WARN_UNGUARDED_AVAILABILITY = YES_AGGRESSIVE;
				CLANG_WARN_UNREACHABLE_CODE = YES;
				CLANG_WARN__DUPLICATE_METHOD_MATCH = YES;
				COPY_PHASE_STRIP = NO;
				DEAD_CODE_STRIPPING = YES;
				DEBUG_INFORMATION_FORMAT = "dwarf-with-dsym";
				ENABLE_NS_ASSERTIONS = NO;
				ENABLE_STRICT_OBJC_MSGSEND = YES;
				ENABLE_USER_SCRIPT_SANDBOXING = YES;
				GCC_C_LANGUAGE_STANDARD = gnu17;
				GCC_NO_COMMON_BLOCKS = YES;
				GCC_WARN_64_TO_32_BIT_CONVERSION = YES;
				GCC_WARN_ABOUT_RETURN_TYPE = YES_ERROR;
				GCC_WARN_UNDECLARED_SELECTOR = YES;
				GCC_WARN_UNINITIALIZED_AUTOS = YES_AGGRESSIVE;
				GCC_WARN_UNUSED_FUNCTION = YES;
				GCC_WARN_UNUSED_VARIABLE = YES;
				LOCALIZATION_PREFERS_STRING_CATALOGS = YES;
				MTL_ENABLE_DEBUG_INFO = NO;
				MTL_FAST_MATH = YES;
				SWIFT_COMPILATION_MODE = wholemodule;
			};
			name = Release;
		};
		764214E22CCD8B1100424E73 /* Debug */ = {
			isa = XCBuildConfiguration;
			buildSettings = {
				ASSETCATALOG_COMPILER_APPICON_NAME = AppIcon;
				ASSETCATALOG_COMPILER_GLOBAL_ACCENT_COLOR_NAME = AccentColor;
				CODE_SIGN_ENTITLEMENTS = irlapp/irlapp.entitlements;
				CODE_SIGN_STYLE = Automatic;
				CURRENT_PROJECT_VERSION = 1;
				DEAD_CODE_STRIPPING = YES;
				DEVELOPMENT_ASSET_PATHS = "";
				DEVELOPMENT_TEAM = 42R8ZPM5N8;
				ENABLE_HARDENED_RUNTIME = YES;
				ENABLE_PREVIEWS = YES;
				GENERATE_INFOPLIST_FILE = YES;
				INFOPLIST_FILE = irlapp/Info.plist;
				INFOPLIST_KEY_NSCameraUsageDescription = "Camera access is required to capture visual input for additional features and personalized interactions.";
				INFOPLIST_KEY_NSLocationAlwaysAndWhenInUseUsageDescription = "This app uses your location for personalized features and insights, even when the app is in the background.";
				INFOPLIST_KEY_NSLocationAlwaysUsageDescription = "This app requires background location access for continuous updates even when not in use.";
				INFOPLIST_KEY_NSLocationWhenInUseUsageDescription = "Location access enables contextual insights and location-based personalization for an enhanced experience.";
				INFOPLIST_KEY_NSMicrophoneUsageDescription = "This app requires microphone access to capture and analyze live audio for real-time assistance and interaction.";
				INFOPLIST_KEY_NSPhotoLibraryUsageDescription = "Photo library access allows the app to save and retrieve media for a richer user experience.";
				INFOPLIST_KEY_NSSpeechRecognitionUsageDescription = "This app uses speech recognition to enable real-time transcription and interpretation of conversations, enhancing interactive features and personalized assistance.";
				"INFOPLIST_KEY_UIApplicationSceneManifest_Generation[sdk=iphoneos*]" = YES;
				"INFOPLIST_KEY_UIApplicationSceneManifest_Generation[sdk=iphonesimulator*]" = YES;
				"INFOPLIST_KEY_UIApplicationSupportsIndirectInputEvents[sdk=iphoneos*]" = YES;
				"INFOPLIST_KEY_UIApplicationSupportsIndirectInputEvents[sdk=iphonesimulator*]" = YES;
				"INFOPLIST_KEY_UILaunchScreen_Generation[sdk=iphoneos*]" = YES;
				"INFOPLIST_KEY_UILaunchScreen_Generation[sdk=iphonesimulator*]" = YES;
				"INFOPLIST_KEY_UIStatusBarStyle[sdk=iphoneos*]" = UIStatusBarStyleDefault;
				"INFOPLIST_KEY_UIStatusBarStyle[sdk=iphonesimulator*]" = UIStatusBarStyleDefault;
				INFOPLIST_KEY_UISupportedInterfaceOrientations_iPad = "UIInterfaceOrientationPortrait UIInterfaceOrientationPortraitUpsideDown UIInterfaceOrientationLandscapeLeft UIInterfaceOrientationLandscapeRight";
				INFOPLIST_KEY_UISupportedInterfaceOrientations_iPhone = "UIInterfaceOrientationPortrait UIInterfaceOrientationLandscapeLeft UIInterfaceOrientationLandscapeRight";
				IPHONEOS_DEPLOYMENT_TARGET = 17.6;
				LD_RUNPATH_SEARCH_PATHS = "@executable_path/Frameworks";
				"LD_RUNPATH_SEARCH_PATHS[sdk=macosx*]" = "@executable_path/../Frameworks";
				MACOSX_DEPLOYMENT_TARGET = 14.6;
				MARKETING_VERSION = 1.0;
				PRODUCT_BUNDLE_IDENTIFIER = ebowwa.irlapp;
				PRODUCT_NAME = "$(TARGET_NAME)";
				SDKROOT = auto;
				SUPPORTED_PLATFORMS = "iphoneos iphonesimulator";
				SUPPORTS_MACCATALYST = NO;
				SWIFT_EMIT_LOC_STRINGS = YES;
				SWIFT_VERSION = 5.0;
				TARGETED_DEVICE_FAMILY = "1,2";
				XROS_DEPLOYMENT_TARGET = 2.0;
			};
			name = Debug;
		};
		764214E32CCD8B1100424E73 /* Release */ = {
			isa = XCBuildConfiguration;
			buildSettings = {
				ASSETCATALOG_COMPILER_APPICON_NAME = AppIcon;
				ASSETCATALOG_COMPILER_GLOBAL_ACCENT_COLOR_NAME = AccentColor;
				CODE_SIGN_ENTITLEMENTS = irlapp/irlapp.entitlements;
				CODE_SIGN_STYLE = Automatic;
				CURRENT_PROJECT_VERSION = 1;
				DEAD_CODE_STRIPPING = YES;
				DEVELOPMENT_ASSET_PATHS = "";
				DEVELOPMENT_TEAM = 42R8ZPM5N8;
				ENABLE_HARDENED_RUNTIME = YES;
				ENABLE_PREVIEWS = YES;
				GENERATE_INFOPLIST_FILE = YES;
				INFOPLIST_FILE = irlapp/Info.plist;
				INFOPLIST_KEY_NSCameraUsageDescription = "Camera access is required to capture visual input for additional features and personalized interactions.";
				INFOPLIST_KEY_NSLocationAlwaysAndWhenInUseUsageDescription = "This app uses your location for personalized features and insights, even when the app is in the background.";
				INFOPLIST_KEY_NSLocationAlwaysUsageDescription = "This app requires background location access for continuous updates even when not in use.";
				INFOPLIST_KEY_NSLocationWhenInUseUsageDescription = "Location access enables contextual insights and location-based personalization for an enhanced experience.";
				INFOPLIST_KEY_NSMicrophoneUsageDescription = "This app requires microphone access to capture and analyze live audio for real-time assistance and interaction.";
				INFOPLIST_KEY_NSPhotoLibraryUsageDescription = "Photo library access allows the app to save and retrieve media for a richer user experience.";
				INFOPLIST_KEY_NSSpeechRecognitionUsageDescription = "This app uses speech recognition to enable real-time transcription and interpretation of conversations, enhancing interactive features and personalized assistance.";
				"INFOPLIST_KEY_UIApplicationSceneManifest_Generation[sdk=iphoneos*]" = YES;
				"INFOPLIST_KEY_UIApplicationSceneManifest_Generation[sdk=iphonesimulator*]" = YES;
				"INFOPLIST_KEY_UIApplicationSupportsIndirectInputEvents[sdk=iphoneos*]" = YES;
				"INFOPLIST_KEY_UIApplicationSupportsIndirectInputEvents[sdk=iphonesimulator*]" = YES;
				"INFOPLIST_KEY_UILaunchScreen_Generation[sdk=iphoneos*]" = YES;
				"INFOPLIST_KEY_UILaunchScreen_Generation[sdk=iphonesimulator*]" = YES;
				"INFOPLIST_KEY_UIStatusBarStyle[sdk=iphoneos*]" = UIStatusBarStyleDefault;
				"INFOPLIST_KEY_UIStatusBarStyle[sdk=iphonesimulator*]" = UIStatusBarStyleDefault;
				INFOPLIST_KEY_UISupportedInterfaceOrientations_iPad = "UIInterfaceOrientationPortrait UIInterfaceOrientationPortraitUpsideDown UIInterfaceOrientationLandscapeLeft UIInterfaceOrientationLandscapeRight";
				INFOPLIST_KEY_UISupportedInterfaceOrientations_iPhone = "UIInterfaceOrientationPortrait UIInterfaceOrientationLandscapeLeft UIInterfaceOrientationLandscapeRight";
				IPHONEOS_DEPLOYMENT_TARGET = 17.6;
				LD_RUNPATH_SEARCH_PATHS = "@executable_path/Frameworks";
				"LD_RUNPATH_SEARCH_PATHS[sdk=macosx*]" = "@executable_path/../Frameworks";
				MACOSX_DEPLOYMENT_TARGET = 14.6;
				MARKETING_VERSION = 1.0;
				PRODUCT_BUNDLE_IDENTIFIER = ebowwa.irlapp;
				PRODUCT_NAME = "$(TARGET_NAME)";
				SDKROOT = auto;
				SUPPORTED_PLATFORMS = "iphoneos iphonesimulator";
				SUPPORTS_MACCATALYST = NO;
				SWIFT_EMIT_LOC_STRINGS = YES;
				SWIFT_VERSION = 5.0;
				TARGETED_DEVICE_FAMILY = "1,2";
				XROS_DEPLOYMENT_TARGET = 2.0;
			};
			name = Release;
		};
		764214E52CCD8B1100424E73 /* Debug */ = {
			isa = XCBuildConfiguration;
			buildSettings = {
				BUNDLE_LOADER = "$(TEST_HOST)";
				CLANG_ENABLE_MODULES = YES;
				CODE_SIGN_STYLE = Automatic;
				CURRENT_PROJECT_VERSION = 1;
				DEAD_CODE_STRIPPING = YES;
				DEVELOPMENT_TEAM = 42R8ZPM5N8;
				GENERATE_INFOPLIST_FILE = YES;
				IPHONEOS_DEPLOYMENT_TARGET = 18.0;
				MACOSX_DEPLOYMENT_TARGET = 14.6;
				MARKETING_VERSION = 1.0;
				PRODUCT_BUNDLE_IDENTIFIER = ebowwa.irlappTests;
				PRODUCT_NAME = "$(TARGET_NAME)";
				SDKROOT = auto;
				SUPPORTED_PLATFORMS = "iphoneos iphonesimulator macosx xros xrsimulator";
				SWIFT_EMIT_LOC_STRINGS = NO;
				SWIFT_OBJC_BRIDGING_HEADER = "irlappTests-Bridging-Header.h";
				SWIFT_OPTIMIZATION_LEVEL = "-Onone";
				SWIFT_VERSION = 5.0;
				TARGETED_DEVICE_FAMILY = "1,2,7";
				TEST_HOST = "$(BUILT_PRODUCTS_DIR)/ CaringMind.app/$(BUNDLE_EXECUTABLE_FOLDER_PATH)/ CaringMind";
				XROS_DEPLOYMENT_TARGET = 2.0;
			};
			name = Debug;
		};
		764214E62CCD8B1100424E73 /* Release */ = {
			isa = XCBuildConfiguration;
			buildSettings = {
				BUNDLE_LOADER = "$(TEST_HOST)";
				CLANG_ENABLE_MODULES = YES;
				CODE_SIGN_STYLE = Automatic;
				CURRENT_PROJECT_VERSION = 1;
				DEAD_CODE_STRIPPING = YES;
				DEVELOPMENT_TEAM = 42R8ZPM5N8;
				GENERATE_INFOPLIST_FILE = YES;
				IPHONEOS_DEPLOYMENT_TARGET = 18.0;
				MACOSX_DEPLOYMENT_TARGET = 14.6;
				MARKETING_VERSION = 1.0;
				PRODUCT_BUNDLE_IDENTIFIER = ebowwa.irlappTests;
				PRODUCT_NAME = "$(TARGET_NAME)";
				SDKROOT = auto;
				SUPPORTED_PLATFORMS = "iphoneos iphonesimulator macosx xros xrsimulator";
				SWIFT_EMIT_LOC_STRINGS = NO;
				SWIFT_OBJC_BRIDGING_HEADER = "irlappTests-Bridging-Header.h";
				SWIFT_VERSION = 5.0;
				TARGETED_DEVICE_FAMILY = "1,2,7";
				TEST_HOST = "$(BUILT_PRODUCTS_DIR)/ CaringMind.app/$(BUNDLE_EXECUTABLE_FOLDER_PATH)/ CaringMind";
				XROS_DEPLOYMENT_TARGET = 2.0;
			};
			name = Release;
		};
		764214E82CCD8B1100424E73 /* Debug */ = {
			isa = XCBuildConfiguration;
			buildSettings = {
				CODE_SIGN_STYLE = Automatic;
				CURRENT_PROJECT_VERSION = 1;
				DEAD_CODE_STRIPPING = YES;
				DEVELOPMENT_TEAM = 42R8ZPM5N8;
				GENERATE_INFOPLIST_FILE = YES;
				IPHONEOS_DEPLOYMENT_TARGET = 18.0;
				MACOSX_DEPLOYMENT_TARGET = 14.6;
				MARKETING_VERSION = 1.0;
				PRODUCT_BUNDLE_IDENTIFIER = ebowwa.irlappUITests;
				PRODUCT_NAME = "$(TARGET_NAME)";
				SDKROOT = auto;
				SUPPORTED_PLATFORMS = "iphoneos iphonesimulator macosx xros xrsimulator";
				SWIFT_EMIT_LOC_STRINGS = NO;
				SWIFT_VERSION = 5.0;
				TARGETED_DEVICE_FAMILY = "1,2,7";
				TEST_TARGET_NAME = irlapp;
				XROS_DEPLOYMENT_TARGET = 2.0;
			};
			name = Debug;
		};
		764214E92CCD8B1100424E73 /* Release */ = {
			isa = XCBuildConfiguration;
			buildSettings = {
				CODE_SIGN_STYLE = Automatic;
				CURRENT_PROJECT_VERSION = 1;
				DEAD_CODE_STRIPPING = YES;
				DEVELOPMENT_TEAM = 42R8ZPM5N8;
				GENERATE_INFOPLIST_FILE = YES;
				IPHONEOS_DEPLOYMENT_TARGET = 18.0;
				MACOSX_DEPLOYMENT_TARGET = 14.6;
				MARKETING_VERSION = 1.0;
				PRODUCT_BUNDLE_IDENTIFIER = ebowwa.irlappUITests;
				PRODUCT_NAME = "$(TARGET_NAME)";
				SDKROOT = auto;
				SUPPORTED_PLATFORMS = "iphoneos iphonesimulator macosx xros xrsimulator";
				SWIFT_EMIT_LOC_STRINGS = NO;
				SWIFT_VERSION = 5.0;
				TARGETED_DEVICE_FAMILY = "1,2,7";
				TEST_TARGET_NAME = irlapp;
				XROS_DEPLOYMENT_TARGET = 2.0;
			};
			name = Release;
		};
/* End XCBuildConfiguration section */

/* Begin XCConfigurationList section */
		764214B72CCD8B0F00424E73 /* Build configuration list for PBXProject " CaringMind" */ = {
			isa = XCConfigurationList;
			buildConfigurations = (
				764214DF2CCD8B1100424E73 /* Debug */,
				764214E02CCD8B1100424E73 /* Release */,
			);
			defaultConfigurationIsVisible = 0;
			defaultConfigurationName = Release;
		};
		764214E12CCD8B1100424E73 /* Build configuration list for PBXNativeTarget " CaringMind" */ = {
			isa = XCConfigurationList;
			buildConfigurations = (
				764214E22CCD8B1100424E73 /* Debug */,
				764214E32CCD8B1100424E73 /* Release */,
			);
			defaultConfigurationIsVisible = 0;
			defaultConfigurationName = Release;
		};
		764214E42CCD8B1100424E73 /* Build configuration list for PBXNativeTarget " CaringMindTests" */ = {
			isa = XCConfigurationList;
			buildConfigurations = (
				764214E52CCD8B1100424E73 /* Debug */,
				764214E62CCD8B1100424E73 /* Release */,
			);
			defaultConfigurationIsVisible = 0;
			defaultConfigurationName = Release;
		};
		764214E72CCD8B1100424E73 /* Build configuration list for PBXNativeTarget " CaringMindUITests" */ = {
			isa = XCConfigurationList;
			buildConfigurations = (
				764214E82CCD8B1100424E73 /* Debug */,
				764214E92CCD8B1100424E73 /* Release */,
			);
			defaultConfigurationIsVisible = 0;
			defaultConfigurationName = Release;
		};
/* End XCConfigurationList section */

/* Begin XCRemoteSwiftPackageReference section */
		761C82842CD0631800B91398 /* XCRemoteSwiftPackageReference "GoogleSignIn-iOS" */ = {
			isa = XCRemoteSwiftPackageReference;
			repositoryURL = "https://github.com/google/GoogleSignIn-iOS";
			requirement = {
				kind = upToNextMajorVersion;
				minimumVersion = 8.0.0;
			};
		};
		761C82892CD1670A00B91398 /* XCRemoteSwiftPackageReference "ReSwift" */ = {
			isa = XCRemoteSwiftPackageReference;
			repositoryURL = "https://github.com/ReSwift/ReSwift.git";
			requirement = {
				kind = upToNextMajorVersion;
				minimumVersion = 6.1.1;
			};
		};
		7642150C2CCD8CA500424E73 /* XCRemoteSwiftPackageReference "ZIPFoundation" */ = {
			isa = XCRemoteSwiftPackageReference;
			repositoryURL = "https://github.com/weichsel/ZIPFoundation";
			requirement = {
				kind = upToNextMajorVersion;
				minimumVersion = 0.9.19;
			};
		};
		769EA2ED2CDC05A90015412E /* XCRemoteSwiftPackageReference "SwiftyJSON" */ = {
			isa = XCRemoteSwiftPackageReference;
			repositoryURL = "https://github.com/SwiftyJSON/SwiftyJSON";
			requirement = {
				kind = upToNextMajorVersion;
				minimumVersion = 5.0.2;
			};
		};
/* End XCRemoteSwiftPackageReference section */

/* Begin XCSwiftPackageProductDependency section */
		761C82852CD0631800B91398 /* GoogleSignIn */ = {
			isa = XCSwiftPackageProductDependency;
			package = 761C82842CD0631800B91398 /* XCRemoteSwiftPackageReference "GoogleSignIn-iOS" */;
			productName = GoogleSignIn;
		};
		761C82872CD0631800B91398 /* GoogleSignInSwift */ = {
			isa = XCSwiftPackageProductDependency;
			package = 761C82842CD0631800B91398 /* XCRemoteSwiftPackageReference "GoogleSignIn-iOS" */;
			productName = GoogleSignInSwift;
		};
		761C828A2CD1670A00B91398 /* ReSwift */ = {
			isa = XCSwiftPackageProductDependency;
			package = 761C82892CD1670A00B91398 /* XCRemoteSwiftPackageReference "ReSwift" */;
			productName = ReSwift;
		};
		7642150D2CCD8CA500424E73 /* ZIPFoundation */ = {
			isa = XCSwiftPackageProductDependency;
			package = 7642150C2CCD8CA500424E73 /* XCRemoteSwiftPackageReference "ZIPFoundation" */;
			productName = ZIPFoundation;
		};
		769EA2EE2CDC05A90015412E /* SwiftyJSON */ = {
			isa = XCSwiftPackageProductDependency;
			package = 769EA2ED2CDC05A90015412E /* XCRemoteSwiftPackageReference "SwiftyJSON" */;
			productName = SwiftyJSON;
		};
/* End XCSwiftPackageProductDependency section */
	};
	rootObject = 764214B42CCD8B0F00424E73 /* Project object */;
}
